
Microsoft Visual Studio Solution File, Format Version 12.00
# Visual Studio Version 17
VisualStudioVersion = 17.6.33815.320
MinimumVisualStudioVersion = 10.0.40219.1
Project("{8BC9CEB8-8B4A-11D0-8D11-00A0C91BC942}") = "Lv20_4번", "Lv20_4번\Lv20_4번.vcxproj", "{EA6A2CEE-28B1-489B-B81C-F28387E8ED60}"
EndProject
Project("{8BC9CEB8-8B4A-11D0-8D11-00A0C91BC942}") = "Lv20_5번", "Lv20_5번\Lv20_5번.vcxproj", "{B09ED5ED-1B8D-4C2B-887D-3F2CC1E9EC3F}"
EndProject
Project("{8BC9CEB8-8B4A-11D0-8D11-00A0C91BC942}") = "Lv20_6번", "Lv20_6번\Lv20_6번.vcxproj", "{381E5F27-7A7E-4322-997C-62A3D318B3DB}"
EndProject
Project("{8BC9CEB8-8B4A-11D0-8D11-00A0C91BC942}") = "Lv20_7번", "Lv20_7번\Lv20_7번.vcxproj", "{E5D81CE3-D3EA-41A0-933A-D7A3622BC09A}"
EndProject
Project("{8BC9CEB8-8B4A-11D0-8D11-00A0C91BC942}") = "Lv20_8번", "Lv20_8번\Lv20_8번.vcxproj", "{3CE7F59F-51F0-4F22-A464-B1B4F99C0980}"
EndProject
Global
	GlobalSection(SolutionConfigurationPlatforms) = preSolution
		Debug|x64 = Debug|x64
		Debug|x86 = Debug|x86
		Release|x64 = Release|x64
		Release|x86 = Release|x86
	EndGlobalSection
	GlobalSection(ProjectConfigurationPlatforms) = postSolution
		{EA6A2CEE-28B1-489B-B81C-F28387E8ED60}.Debug|x64.ActiveCfg = Debug|x64
		{EA6A2CEE-28B1-489B-B81C-F28387E8ED60}.Debug|x64.Build.0 = Debug|x64
		{EA6A2CEE-28B1-489B-B81C-F28387E8ED60}.Debug|x86.ActiveCfg = Debug|Win32
		{EA6A2CEE-28B1-489B-B81C-F28387E8ED60}.Debug|x86.Build.0 = Debug|Win32
		{EA6A2CEE-28B1-489B-B81C-F28387E8ED60}.Release|x64.ActiveCfg = Release|x64
		{EA6A2CEE-28B1-489B-B81C-F28387E8ED60}.Release|x64.Build.0 = Release|x64
		{EA6A2CEE-28B1-489B-B81C-F28387E8ED60}.Release|x86.ActiveCfg = Release|Win32
		{EA6A2CEE-28B1-489B-B81C-F28387E8ED60}.Release|x86.Build.0 = Release|Win32
		{B09ED5ED-1B8D-4C2B-887D-3F2CC1E9EC3F}.Debug|x64.ActiveCfg = Debug|x64
		{B09ED5ED-1B8D-4C2B-887D-3F2CC1E9EC3F}.Debug|x64.Build.0 = Debug|x64
		{B09ED5ED-1B8D-4C2B-887D-3F2CC1E9EC3F}.Debug|x86.ActiveCfg = Debug|Win32
		{B09ED5ED-1B8D-4C2B-887D-3F2CC1E9EC3F}.Debug|x86.Build.0 = Debug|Win32
		{B09ED5ED-1B8D-4C2B-887D-3F2CC1E9EC3F}.Release|x64.ActiveCfg = Release|x64
		{B09ED5ED-1B8D-4C2B-887D-3F2CC1E9EC3F}.Release|x64.Build.0 = Release|x64
		{B09ED5ED-1B8D-4C2B-887D-3F2CC1E9EC3F}.Release|x86.ActiveCfg = Release|Win32
		{B09ED5ED-1B8D-4C2B-887D-3F2CC1E9EC3F}.Release|x86.Build.0 = Release|Win32
		{381E5F27-7A7E-4322-997C-62A3D318B3DB}.Debug|x64.ActiveCfg = Debug|x64
		{381E5F27-7A7E-4322-997C-62A3D318B3DB}.Debug|x64.Build.0 = Debug|x64
		{381E5F27-7A7E-4322-997C-62A3D318B3DB}.Debug|x86.ActiveCfg = Debug|Win32
		{381E5F27-7A7E-4322-997C-62A3D318B3DB}.Debug|x86.Build.0 = Debug|Win32
		{381E5F27-7A7E-4322-997C-62A3D318B3DB}.Release|x64.ActiveCfg = Release|x64
		{381E5F27-7A7E-4322-997C-62A3D318B3DB}.Release|x64.Build.0 = Release|x64
		{381E5F27-7A7E-4322-997C-62A3D318B3DB}.Release|x86.ActiveCfg = Release|Win32
		{381E5F27-7A7E-4322-997C-62A3D318B3DB}.Release|x86.Build.0 = Release|Win32
		{E5D81CE3-D3EA-41A0-933A-D7A3622BC09A}.Debug|x64.ActiveCfg = Debug|x64
		{E5D81CE3-D3EA-41A0-933A-D7A3622BC09A}.Debug|x64.Build.0 = Debug|x64
		{E5D81CE3-D3EA-41A0-933A-D7A3622BC09A}.Debug|x86.ActiveCfg = Debug|Win32
		{E5D81CE3-D3EA-41A0-933A-D7A3622BC09A}.Debug|x86.Build.0 = Debug|Win32
		{E5D81CE3-D3EA-41A0-933A-D7A3622BC09A}.Release|x64.ActiveCfg = Release|x64
		{E5D81CE3-D3EA-41A0-933A-D7A3622BC09A}.Release|x64.Build.0 = Release|x64
		{E5D81CE3-D3EA-41A0-933A-D7A3622BC09A}.Release|x86.ActiveCfg = Release|Win32
		{E5D81CE3-D3EA-41A0-933A-D7A3622BC09A}.Release|x86.Build.0 = Release|Win32
		{3CE7F59F-51F0-4F22-A464-B1B4F99C0980}.Debug|x64.ActiveCfg = Debug|x64
		{3CE7F59F-51F0-4F22-A464-B1B4F99C0980}.Debug|x64.Build.0 = Debug|x64
		{3CE7F59F-51F0-4F22-A464-B1B4F99C0980}.Debug|x86.ActiveCfg = Debug|Win32
		{3CE7F59F-51F0-4F22-A464-B1B4F99C0980}.Debug|x86.Build.0 = Debug|Win32
		{3CE7F59F-51F0-4F22-A464-B1B4F99C0980}.Release|x64.ActiveCfg = Release|x64
		{3CE7F59F-51F0-4F22-A464-B1B4F99C0980}.Release|x64.Build.0 = Release|x64
		{3CE7F59F-51F0-4F22-A464-B1B4F99C0980}.Release|x86.ActiveCfg = Release|Win32
		{3CE7F59F-51F0-4F22-A464-B1B4F99C0980}.Release|x86.Build.0 = Release|Win32
	EndGlobalSection
	GlobalSection(SolutionProperties) = preSolution
		HideSolutionNode = FALSE
	EndGlobalSection
	GlobalSection(ExtensibilityGlobals) = postSolution
		SolutionGuid = {2A0C1A4F-121A-4604-99AC-324CFC2BF285}
	EndGlobalSection
EndGlobal
