
Microsoft Visual Studio Solution File, Format Version 12.00
# Visual Studio Version 17
VisualStudioVersion = 17.6.33815.320
MinimumVisualStudioVersion = 10.0.40219.1
Project("{8BC9CEB8-8B4A-11D0-8D11-00A0C91BC942}") = "1_02", "Lv1\Lv1.vcxproj", "{D97EA62D-D7AD-43B7-98B9-0DFFC578D61B}"
EndProject
Project("{8BC9CEB8-8B4A-11D0-8D11-00A0C91BC942}") = "1_03", "Lv1_3\Lv1_3.vcxproj", "{03EB3E34-BC51-453C-9E21-18C0CCD5FF8F}"
EndProject
Project("{8BC9CEB8-8B4A-11D0-8D11-00A0C91BC942}") = "1_04", "Lv1_4\Lv1_4.vcxproj", "{9F450643-84CD-41B1-A16F-D285C263AC6E}"
EndProject
Project("{8BC9CEB8-8B4A-11D0-8D11-00A0C91BC942}") = "1-05", "Lv1_5\Lv1_5.vcxproj", "{0B3B510E-1C32-4029-987B-63FE5CBA52C5}"
EndProject
Project("{8BC9CEB8-8B4A-11D0-8D11-00A0C91BC942}") = "1-06", "1-6\1-6.vcxproj", "{E4D8420C-B8F7-46B1-8F5D-559CB38C92D4}"
EndProject
Project("{8BC9CEB8-8B4A-11D0-8D11-00A0C91BC942}") = "1-07", "1_7\1_7.vcxproj", "{A7053B87-6D4B-4ECB-B751-011F3EF3915D}"
EndProject
Project("{8BC9CEB8-8B4A-11D0-8D11-00A0C91BC942}") = "1-08", "1-8\1-8.vcxproj", "{365AE6F7-7AC9-46C9-835E-7EB690CAF673}"
EndProject
Project("{8BC9CEB8-8B4A-11D0-8D11-00A0C91BC942}") = "1-09", "1-9\1-9.vcxproj", "{D175EB7A-EF0D-4C36-A474-A575ACD8300E}"
EndProject
Project("{8BC9CEB8-8B4A-11D0-8D11-00A0C91BC942}") = "1-10", "1-10\1-10.vcxproj", "{11AD4246-46CF-42A4-AB3D-CD31CEC186B8}"
EndProject
Project("{8BC9CEB8-8B4A-11D0-8D11-00A0C91BC942}") = "1_11", "1_11\1_11.vcxproj", "{6898C39D-BF15-4B39-97BA-94D9EA509349}"
EndProject
Project("{8BC9CEB8-8B4A-11D0-8D11-00A0C91BC942}") = "1_12", "1_12\1_12.vcxproj", "{93214202-E548-4412-966F-A2137156467F}"
EndProject
Project("{8BC9CEB8-8B4A-11D0-8D11-00A0C91BC942}") = "1_14", "1_13\1_13.vcxproj", "{931D5B62-C5AB-4B67-BEB9-B4BAB38DD9A4}"
EndProject
Project("{2150E333-8FDC-42A3-9474-1A3956D46DE8}") = "Lv1", "Lv1", "{EF7CBFE9-0404-4D0E-9901-1D11E97D3754}"
EndProject
Project("{2150E333-8FDC-42A3-9474-1A3956D46DE8}") = "Lv2", "Lv2", "{66ACBC9D-AA9E-41C5-901D-5D81E4EC48B8}"
EndProject
Project("{8BC9CEB8-8B4A-11D0-8D11-00A0C91BC942}") = "2-01", "2-01\2-01.vcxproj", "{CB2EE3DD-0306-44E5-9B2A-C6D7AA4B9657}"
EndProject
Project("{8BC9CEB8-8B4A-11D0-8D11-00A0C91BC942}") = "2-02", "2-02\2-02.vcxproj", "{A2C71A54-5617-4353-9BF4-F8C758666F29}"
EndProject
Project("{8BC9CEB8-8B4A-11D0-8D11-00A0C91BC942}") = "2-03", "2-03\2-03.vcxproj", "{DD7B1D95-8988-4D95-8032-39A33BACBB92}"
EndProject
Project("{8BC9CEB8-8B4A-11D0-8D11-00A0C91BC942}") = "2-04", "2-04\2-04.vcxproj", "{8DC41ABC-5CEA-4FAE-B9FA-356D1133421F}"
EndProject
Project("{8BC9CEB8-8B4A-11D0-8D11-00A0C91BC942}") = "2-05", "2-05\2-05.vcxproj", "{F8BBBB9C-A705-4DE3-B850-1E8D2C9464E7}"
EndProject
Project("{8BC9CEB8-8B4A-11D0-8D11-00A0C91BC942}") = "2-06", "2-06\2-06.vcxproj", "{2400CCB9-8F31-4A0B-A099-7C7499B1098C}"
EndProject
Project("{8BC9CEB8-8B4A-11D0-8D11-00A0C91BC942}") = "2-07", "2-07\2-07.vcxproj", "{CB266D08-2C6A-4C4C-9BC0-70CA316F6579}"
EndProject
Project("{8BC9CEB8-8B4A-11D0-8D11-00A0C91BC942}") = "2-08", "2-08\2-08.vcxproj", "{325805E7-FC67-4EBD-9FD0-B94C0E7CF2AC}"
EndProject
Project("{8BC9CEB8-8B4A-11D0-8D11-00A0C91BC942}") = "2-09", "2-09\2-09.vcxproj", "{7B40C7A5-AB0A-4267-91A5-A8C0CE3A73FD}"
EndProject
Project("{8BC9CEB8-8B4A-11D0-8D11-00A0C91BC942}") = "2-10", "2-10\2-10.vcxproj", "{5EACEE59-9A91-4539-BA5F-37E7B51C33CD}"
EndProject
Project("{8BC9CEB8-8B4A-11D0-8D11-00A0C91BC942}") = "2-11", "2-11\2-11.vcxproj", "{65A844BB-66C2-4EBF-892C-CADECD9E39BF}"
EndProject
Project("{8BC9CEB8-8B4A-11D0-8D11-00A0C91BC942}") = "2-12", "2-12\2-12.vcxproj", "{9F0A9221-BA8C-427C-B468-C2B1429159F2}"
EndProject
Project("{2150E333-8FDC-42A3-9474-1A3956D46DE8}") = "Lv3", "Lv3", "{D02E5D25-B5FD-444E-BBAE-C0CF35E2BE5D}"
EndProject
Project("{8BC9CEB8-8B4A-11D0-8D11-00A0C91BC942}") = "3-01", "3-01\3-01.vcxproj", "{4F6F13F1-9503-4D6E-88C1-31894ED1979D}"
EndProject
Project("{8BC9CEB8-8B4A-11D0-8D11-00A0C91BC942}") = "3-02", "3-02\3-02.vcxproj", "{9BA41839-E974-47E0-9AE2-787BCEF3C67B}"
EndProject
Project("{8BC9CEB8-8B4A-11D0-8D11-00A0C91BC942}") = "3-03", "3-03\3-03.vcxproj", "{C2153C4A-EDA1-44FA-B45A-86C17556EA54}"
EndProject
Project("{8BC9CEB8-8B4A-11D0-8D11-00A0C91BC942}") = "3-04", "3-04\3-04.vcxproj", "{A5347F19-6EC4-46E9-BEF6-8E85DAEA12E5}"
EndProject
Project("{8BC9CEB8-8B4A-11D0-8D11-00A0C91BC942}") = "3-05", "3-05\3-05.vcxproj", "{F21157B6-E6DD-4A5B-B47F-B2AF147ADEC9}"
EndProject
Project("{8BC9CEB8-8B4A-11D0-8D11-00A0C91BC942}") = "3-06", "3-06\3-06.vcxproj", "{29C2080A-B177-47A2-A7C1-535A75A5ABA8}"
EndProject
Project("{8BC9CEB8-8B4A-11D0-8D11-00A0C91BC942}") = "3-07", "3-07\3-07.vcxproj", "{2E8E7BEB-F862-4C06-B225-DA220837197B}"
EndProject
Project("{8BC9CEB8-8B4A-11D0-8D11-00A0C91BC942}") = "3-08", "3-08\3-08.vcxproj", "{F6AFC8E1-627F-49BB-BBA8-0C1950ACBCF8}"
EndProject
Project("{8BC9CEB8-8B4A-11D0-8D11-00A0C91BC942}") = "3-09", "3-09\3-09.vcxproj", "{EC8BE58D-4520-42D2-97B5-6EF6004CDDF5}"
EndProject
Project("{8BC9CEB8-8B4A-11D0-8D11-00A0C91BC942}") = "3-10", "3-10\3-10.vcxproj", "{8CFC8AE4-6963-40F8-995A-571342F497AE}"
EndProject
Project("{8BC9CEB8-8B4A-11D0-8D11-00A0C91BC942}") = "3-11", "3-11\3-11.vcxproj", "{380CEAF3-AD80-4998-92BD-D788B97349D7}"
EndProject
Project("{8BC9CEB8-8B4A-11D0-8D11-00A0C91BC942}") = "3-12", "3-12\3-12.vcxproj", "{1196538D-86AA-4EEF-8EB9-3E74EC88878E}"
EndProject
Project("{8BC9CEB8-8B4A-11D0-8D11-00A0C91BC942}") = "3-13", "3-13\3-13.vcxproj", "{D9F013A4-5BB6-408F-BBF0-8DACE44A6229}"
EndProject
Project("{8BC9CEB8-8B4A-11D0-8D11-00A0C91BC942}") = "3-14", "3-14\3-14.vcxproj", "{179BD261-C622-4121-839B-551BF7B3F399}"
EndProject
Project("{8BC9CEB8-8B4A-11D0-8D11-00A0C91BC942}") = "3-15", "3-15\3-15.vcxproj", "{B8A1322D-223A-45B2-B709-F4CB8D56C484}"
EndProject
Project("{2150E333-8FDC-42A3-9474-1A3956D46DE8}") = "Lv4", "Lv4", "{070D4C2C-328A-4540-A81F-DC1216CB9B0C}"
EndProject
Project("{8BC9CEB8-8B4A-11D0-8D11-00A0C91BC942}") = "4-01", "4-01\4-01.vcxproj", "{A70D2BF9-8A69-4B46-90B3-53B9142CC179}"
EndProject
Project("{8BC9CEB8-8B4A-11D0-8D11-00A0C91BC942}") = "4-02", "4-02\4-02.vcxproj", "{CECA3B31-C153-4E72-8BEA-79CBD8EDD1FC}"
EndProject
Project("{8BC9CEB8-8B4A-11D0-8D11-00A0C91BC942}") = "4-03", "4-03\4-03.vcxproj", "{05E04AC3-A864-442A-ACAE-2A171FF389FC}"
EndProject
Project("{8BC9CEB8-8B4A-11D0-8D11-00A0C91BC942}") = "4-04", "4-04\4-04.vcxproj", "{635DA6C1-65D6-4875-BB98-C8E6875DCAC2}"
EndProject
Project("{8BC9CEB8-8B4A-11D0-8D11-00A0C91BC942}") = "4-05", "4-05\4-05.vcxproj", "{58C0FF7B-12F4-43BF-9EF9-63093E675920}"
EndProject
Project("{8BC9CEB8-8B4A-11D0-8D11-00A0C91BC942}") = "4-06", "4-06\4-06.vcxproj", "{7856624F-E1F3-4526-9778-8399664B0A21}"
EndProject
Project("{8BC9CEB8-8B4A-11D0-8D11-00A0C91BC942}") = "4-07", "4-07\4-07.vcxproj", "{2D760EB3-B956-48AF-BCF2-7DA5F2CCD1C2}"
EndProject
Project("{8BC9CEB8-8B4A-11D0-8D11-00A0C91BC942}") = "4-08", "4-08\4-08.vcxproj", "{47BB6A72-EC87-4273-B09F-6C67D5FFFD27}"
EndProject
Project("{8BC9CEB8-8B4A-11D0-8D11-00A0C91BC942}") = "4-09", "4-09\4-09.vcxproj", "{48B595CD-C644-415B-AE95-AFF60AD75166}"
EndProject
Project("{8BC9CEB8-8B4A-11D0-8D11-00A0C91BC942}") = "4-10", "4-10\4-10.vcxproj", "{63916A2D-0E39-4B73-BE96-BA9BF4CBC3E8}"
EndProject
Project("{8BC9CEB8-8B4A-11D0-8D11-00A0C91BC942}") = "4-11", "4-11\4-11.vcxproj", "{607CB092-6D75-4F23-9467-DFC955242424}"
EndProject
Project("{8BC9CEB8-8B4A-11D0-8D11-00A0C91BC942}") = "4-12", "4-12\4-12.vcxproj", "{B96AF1FE-949A-4B6F-BF92-B97997BC0292}"
EndProject
Project("{2150E333-8FDC-42A3-9474-1A3956D46DE8}") = "Lv5", "Lv5", "{99A7833A-DC6A-404F-8D39-EE0AC6D89429}"
EndProject
Project("{8BC9CEB8-8B4A-11D0-8D11-00A0C91BC942}") = "5-01", "5-01\5-01.vcxproj", "{BFDA763F-2A11-49FD-AECC-22E6C35F267C}"
EndProject
Project("{8BC9CEB8-8B4A-11D0-8D11-00A0C91BC942}") = "5-02", "5-02\5-02.vcxproj", "{3CF0F007-1BF2-4B87-9499-30B69D2713A8}"
EndProject
Project("{8BC9CEB8-8B4A-11D0-8D11-00A0C91BC942}") = "5-03", "5-03\5-03.vcxproj", "{0C564EAC-6CC5-4A31-9D0B-5EF4EF03B2B1}"
EndProject
Project("{8BC9CEB8-8B4A-11D0-8D11-00A0C91BC942}") = "5-04", "5-04\5-04.vcxproj", "{F8FFBE0D-A5F6-41D6-84EA-D359F68C0975}"
EndProject
Project("{8BC9CEB8-8B4A-11D0-8D11-00A0C91BC942}") = "5-05", "5-05\5-05.vcxproj", "{085727F7-4362-41B9-A8CC-09F5F28BE216}"
EndProject
Project("{8BC9CEB8-8B4A-11D0-8D11-00A0C91BC942}") = "5-06", "5-06\5-06.vcxproj", "{3B59A4D1-BFFE-4E5F-BDC1-6B00C2BC3230}"
EndProject
Project("{8BC9CEB8-8B4A-11D0-8D11-00A0C91BC942}") = "5-07", "5-07\5-07.vcxproj", "{A202EFD9-DD16-4F19-9F33-4A76B6C39861}"
EndProject
Project("{8BC9CEB8-8B4A-11D0-8D11-00A0C91BC942}") = "5-08", "5-08\5-08.vcxproj", "{B61D3CC2-F719-4915-9425-D27A1EB221AA}"
EndProject
Project("{8BC9CEB8-8B4A-11D0-8D11-00A0C91BC942}") = "5-09", "5-09\5-09.vcxproj", "{8938DA1C-E567-4F1A-918D-0CF77CABE03C}"
EndProject
Project("{8BC9CEB8-8B4A-11D0-8D11-00A0C91BC942}") = "5-10", "5-10\5-10.vcxproj", "{F6A7BCD3-1A3F-430B-B1F4-DE3C6B25AAC4}"
EndProject
Project("{8BC9CEB8-8B4A-11D0-8D11-00A0C91BC942}") = "5-11", "5-11\5-11.vcxproj", "{74D061A1-E279-4ADD-9C61-E517817D58AF}"
EndProject
Project("{8BC9CEB8-8B4A-11D0-8D11-00A0C91BC942}") = "5-12", "5-12\5-12.vcxproj", "{15F82943-0816-49A8-9F9F-FF08F9F44F7D}"
EndProject
Project("{8BC9CEB8-8B4A-11D0-8D11-00A0C91BC942}") = "5-13", "5-13\5-13.vcxproj", "{C2EF5A8B-870D-4321-89D2-084C07D1E13E}"
EndProject
Project("{2150E333-8FDC-42A3-9474-1A3956D46DE8}") = "Lv6", "Lv6", "{03D2C3E0-C0F2-434E-98A6-9D531C5AE5AA}"
EndProject
Project("{8BC9CEB8-8B4A-11D0-8D11-00A0C91BC942}") = "6-01", "6-01\6-01.vcxproj", "{DAA50401-35DC-41B5-938F-4B417C603C3E}"
EndProject
Project("{8BC9CEB8-8B4A-11D0-8D11-00A0C91BC942}") = "6-02", "6-02\6-02.vcxproj", "{9314335B-D6F5-479B-8E1A-D00F300FC59D}"
EndProject
Project("{8BC9CEB8-8B4A-11D0-8D11-00A0C91BC942}") = "6-03", "6-03\6-03.vcxproj", "{A2E8B109-5463-417F-9541-375A7F0CECB5}"
EndProject
Project("{8BC9CEB8-8B4A-11D0-8D11-00A0C91BC942}") = "6-04", "6-04\6-04.vcxproj", "{71E0FC1E-EA12-4599-99BF-C8FAEE28D329}"
EndProject
Project("{8BC9CEB8-8B4A-11D0-8D11-00A0C91BC942}") = "6-05", "6-05\6-05.vcxproj", "{E5434D07-ED1A-48B8-8835-28F8AAE22718}"
EndProject
Project("{8BC9CEB8-8B4A-11D0-8D11-00A0C91BC942}") = "6-06", "6-06\6-06.vcxproj", "{CEE1739D-9F2E-4CCB-9F1E-28B3BA105A9E}"
EndProject
Project("{8BC9CEB8-8B4A-11D0-8D11-00A0C91BC942}") = "6-07", "6-07\6-07.vcxproj", "{A789B7F0-90B5-4707-8A93-5544F713D212}"
EndProject
Project("{8BC9CEB8-8B4A-11D0-8D11-00A0C91BC942}") = "6-08", "6-08\6-08.vcxproj", "{5E4B43C2-A383-4297-A8BD-F22C75C470E7}"
EndProject
Project("{8BC9CEB8-8B4A-11D0-8D11-00A0C91BC942}") = "6-09", "6-09\6-09.vcxproj", "{0B6431E0-078B-4DB3-94F7-EDDEC5785ECA}"
EndProject
Project("{8BC9CEB8-8B4A-11D0-8D11-00A0C91BC942}") = "6-10", "6-10\6-10.vcxproj", "{C7B899DF-9ADE-43E4-9C66-C632AC71DA6B}"
EndProject
Project("{8BC9CEB8-8B4A-11D0-8D11-00A0C91BC942}") = "6-11", "6-11\6-11.vcxproj", "{DAE82FFE-ECC4-4259-A61A-62B36D4E98E5}"
EndProject
Project("{8BC9CEB8-8B4A-11D0-8D11-00A0C91BC942}") = "6-12", "6-12\6-12.vcxproj", "{506EBAAF-B4D8-4F86-93E6-40788F09DEA4}"
EndProject
Project("{8BC9CEB8-8B4A-11D0-8D11-00A0C91BC942}") = "6-13", "6-13\6-13.vcxproj", "{90DFCCDE-2978-4B81-A30B-5A19BBABE368}"
EndProject
Project("{2150E333-8FDC-42A3-9474-1A3956D46DE8}") = "Lv7", "Lv7", "{E3B1A986-AF0D-421C-B124-762AE841AB09}"
EndProject
Project("{8BC9CEB8-8B4A-11D0-8D11-00A0C91BC942}") = "7-01", "7-01\7-01.vcxproj", "{AC22AD67-D8B6-447A-B6B8-3A4E1B2664ED}"
EndProject
Project("{8BC9CEB8-8B4A-11D0-8D11-00A0C91BC942}") = "7-02", "7-02\7-02.vcxproj", "{C326AD7F-45B6-4220-B631-7438CAB4D582}"
EndProject
Project("{8BC9CEB8-8B4A-11D0-8D11-00A0C91BC942}") = "7-03", "7-03\7-03.vcxproj", "{AC08B5C1-B753-40FF-AB7F-A3BE7591A969}"
EndProject
Project("{8BC9CEB8-8B4A-11D0-8D11-00A0C91BC942}") = "7-04", "7-04\7-04.vcxproj", "{6F96FC23-F55E-44DA-9371-18ABA389C199}"
EndProject
Project("{8BC9CEB8-8B4A-11D0-8D11-00A0C91BC942}") = "7-05", "7-05\7-05.vcxproj", "{ED0C05D8-51D3-44C8-A2CE-DEA55C95EB8D}"
EndProject
Project("{8BC9CEB8-8B4A-11D0-8D11-00A0C91BC942}") = "7-06", "7-06\7-06.vcxproj", "{72235FA2-C4F4-4288-8E80-1E58C3FD2C78}"
EndProject
Project("{8BC9CEB8-8B4A-11D0-8D11-00A0C91BC942}") = "7-07", "7-07\7-07.vcxproj", "{161BE54A-B256-4A97-B18F-8B247B6AF8A2}"
EndProject
Project("{8BC9CEB8-8B4A-11D0-8D11-00A0C91BC942}") = "7-08", "7-08\7-08.vcxproj", "{F43F38C9-1738-4C5B-87BE-ED03193D86AF}"
EndProject
Project("{8BC9CEB8-8B4A-11D0-8D11-00A0C91BC942}") = "7-09", "7-09\7-09.vcxproj", "{2686864E-C083-4766-9F4F-EFD39C7BC2D4}"
EndProject
Project("{8BC9CEB8-8B4A-11D0-8D11-00A0C91BC942}") = "7-10", "7-10\7-10.vcxproj", "{990617E1-DEDE-45C1-86F5-19D3C1BE015F}"
EndProject
Project("{8BC9CEB8-8B4A-11D0-8D11-00A0C91BC942}") = "7-11", "7-11\7-11.vcxproj", "{BA310E22-80B7-4887-8233-A0C62F6D5390}"
EndProject
Project("{8BC9CEB8-8B4A-11D0-8D11-00A0C91BC942}") = "7-12", "7-12\7-12.vcxproj", "{3E047413-CF0D-449E-A212-1F3D8D74B820}"
EndProject
Project("{2150E333-8FDC-42A3-9474-1A3956D46DE8}") = "Lv8", "Lv8", "{C6E53AA4-86A5-4F56-A8B7-E68C66889AD4}"
EndProject
Project("{8BC9CEB8-8B4A-11D0-8D11-00A0C91BC942}") = "8-01", "8-01\8-01.vcxproj", "{80596AB7-6E43-454E-9615-85C7D2E3903B}"
EndProject
Project("{8BC9CEB8-8B4A-11D0-8D11-00A0C91BC942}") = "8-02", "8-02\8-02.vcxproj", "{7583FC6C-E801-49CF-AEC2-DA815BA829B7}"
EndProject
Project("{8BC9CEB8-8B4A-11D0-8D11-00A0C91BC942}") = "8-03", "8-03\8-03.vcxproj", "{0B6A3BC6-14FB-4742-AFD3-CE8E0EAA9C7D}"
EndProject
Project("{8BC9CEB8-8B4A-11D0-8D11-00A0C91BC942}") = "8-04", "8-04\8-04.vcxproj", "{8E4449C2-6DDC-4ADB-82AD-CA90CE03DEB8}"
EndProject
Project("{8BC9CEB8-8B4A-11D0-8D11-00A0C91BC942}") = "8-05", "8-05\8-05.vcxproj", "{C738610D-2DD3-42E6-A146-FB91B88C30E6}"
EndProject
Project("{8BC9CEB8-8B4A-11D0-8D11-00A0C91BC942}") = "8-06", "8-06\8-06.vcxproj", "{F3ED0CB6-A4F8-4525-A9C6-4C522A0362C1}"
EndProject
Project("{8BC9CEB8-8B4A-11D0-8D11-00A0C91BC942}") = "8-07", "8-07\8-07.vcxproj", "{57F16578-8114-4892-9DCE-870095F9084C}"
EndProject
Project("{8BC9CEB8-8B4A-11D0-8D11-00A0C91BC942}") = "8-08", "8-08\8-08.vcxproj", "{C9166CE9-CA06-4EF4-A3C5-B59E0C10BCD5}"
EndProject
Project("{8BC9CEB8-8B4A-11D0-8D11-00A0C91BC942}") = "8-09", "8-09\8-09.vcxproj", "{4E198AF1-148D-4B99-B1F9-CD8F9D116AE1}"
EndProject
Project("{8BC9CEB8-8B4A-11D0-8D11-00A0C91BC942}") = "8-10", "8-10\8-10.vcxproj", "{0FFDD038-BA9A-4E59-B3F1-F401A6407517}"
EndProject
Project("{8BC9CEB8-8B4A-11D0-8D11-00A0C91BC942}") = "8-11", "8-11\8-11.vcxproj", "{67DE7FF9-65A0-472C-8BC3-028E5178846B}"
EndProject
Global
	GlobalSection(SolutionConfigurationPlatforms) = preSolution
		Debug|x64 = Debug|x64
		Debug|x86 = Debug|x86
		Release|x64 = Release|x64
		Release|x86 = Release|x86
	EndGlobalSection
	GlobalSection(ProjectConfigurationPlatforms) = postSolution
		{D97EA62D-D7AD-43B7-98B9-0DFFC578D61B}.Debug|x64.ActiveCfg = Debug|x64
		{D97EA62D-D7AD-43B7-98B9-0DFFC578D61B}.Debug|x64.Build.0 = Debug|x64
		{D97EA62D-D7AD-43B7-98B9-0DFFC578D61B}.Debug|x86.ActiveCfg = Debug|Win32
		{D97EA62D-D7AD-43B7-98B9-0DFFC578D61B}.Debug|x86.Build.0 = Debug|Win32
		{D97EA62D-D7AD-43B7-98B9-0DFFC578D61B}.Release|x64.ActiveCfg = Release|x64
		{D97EA62D-D7AD-43B7-98B9-0DFFC578D61B}.Release|x64.Build.0 = Release|x64
		{D97EA62D-D7AD-43B7-98B9-0DFFC578D61B}.Release|x86.ActiveCfg = Release|Win32
		{D97EA62D-D7AD-43B7-98B9-0DFFC578D61B}.Release|x86.Build.0 = Release|Win32
		{03EB3E34-BC51-453C-9E21-18C0CCD5FF8F}.Debug|x64.ActiveCfg = Debug|x64
		{03EB3E34-BC51-453C-9E21-18C0CCD5FF8F}.Debug|x64.Build.0 = Debug|x64
		{03EB3E34-BC51-453C-9E21-18C0CCD5FF8F}.Debug|x86.ActiveCfg = Debug|Win32
		{03EB3E34-BC51-453C-9E21-18C0CCD5FF8F}.Debug|x86.Build.0 = Debug|Win32
		{03EB3E34-BC51-453C-9E21-18C0CCD5FF8F}.Release|x64.ActiveCfg = Release|x64
		{03EB3E34-BC51-453C-9E21-18C0CCD5FF8F}.Release|x64.Build.0 = Release|x64
		{03EB3E34-BC51-453C-9E21-18C0CCD5FF8F}.Release|x86.ActiveCfg = Release|Win32
		{03EB3E34-BC51-453C-9E21-18C0CCD5FF8F}.Release|x86.Build.0 = Release|Win32
		{9F450643-84CD-41B1-A16F-D285C263AC6E}.Debug|x64.ActiveCfg = Debug|x64
		{9F450643-84CD-41B1-A16F-D285C263AC6E}.Debug|x64.Build.0 = Debug|x64
		{9F450643-84CD-41B1-A16F-D285C263AC6E}.Debug|x86.ActiveCfg = Debug|Win32
		{9F450643-84CD-41B1-A16F-D285C263AC6E}.Debug|x86.Build.0 = Debug|Win32
		{9F450643-84CD-41B1-A16F-D285C263AC6E}.Release|x64.ActiveCfg = Release|x64
		{9F450643-84CD-41B1-A16F-D285C263AC6E}.Release|x64.Build.0 = Release|x64
		{9F450643-84CD-41B1-A16F-D285C263AC6E}.Release|x86.ActiveCfg = Release|Win32
		{9F450643-84CD-41B1-A16F-D285C263AC6E}.Release|x86.Build.0 = Release|Win32
		{0B3B510E-1C32-4029-987B-63FE5CBA52C5}.Debug|x64.ActiveCfg = Debug|x64
		{0B3B510E-1C32-4029-987B-63FE5CBA52C5}.Debug|x64.Build.0 = Debug|x64
		{0B3B510E-1C32-4029-987B-63FE5CBA52C5}.Debug|x86.ActiveCfg = Debug|Win32
		{0B3B510E-1C32-4029-987B-63FE5CBA52C5}.Debug|x86.Build.0 = Debug|Win32
		{0B3B510E-1C32-4029-987B-63FE5CBA52C5}.Release|x64.ActiveCfg = Release|x64
		{0B3B510E-1C32-4029-987B-63FE5CBA52C5}.Release|x64.Build.0 = Release|x64
		{0B3B510E-1C32-4029-987B-63FE5CBA52C5}.Release|x86.ActiveCfg = Release|Win32
		{0B3B510E-1C32-4029-987B-63FE5CBA52C5}.Release|x86.Build.0 = Release|Win32
		{E4D8420C-B8F7-46B1-8F5D-559CB38C92D4}.Debug|x64.ActiveCfg = Debug|x64
		{E4D8420C-B8F7-46B1-8F5D-559CB38C92D4}.Debug|x64.Build.0 = Debug|x64
		{E4D8420C-B8F7-46B1-8F5D-559CB38C92D4}.Debug|x86.ActiveCfg = Debug|Win32
		{E4D8420C-B8F7-46B1-8F5D-559CB38C92D4}.Debug|x86.Build.0 = Debug|Win32
		{E4D8420C-B8F7-46B1-8F5D-559CB38C92D4}.Release|x64.ActiveCfg = Release|x64
		{E4D8420C-B8F7-46B1-8F5D-559CB38C92D4}.Release|x64.Build.0 = Release|x64
		{E4D8420C-B8F7-46B1-8F5D-559CB38C92D4}.Release|x86.ActiveCfg = Release|Win32
		{E4D8420C-B8F7-46B1-8F5D-559CB38C92D4}.Release|x86.Build.0 = Release|Win32
		{A7053B87-6D4B-4ECB-B751-011F3EF3915D}.Debug|x64.ActiveCfg = Debug|x64
		{A7053B87-6D4B-4ECB-B751-011F3EF3915D}.Debug|x64.Build.0 = Debug|x64
		{A7053B87-6D4B-4ECB-B751-011F3EF3915D}.Debug|x86.ActiveCfg = Debug|Win32
		{A7053B87-6D4B-4ECB-B751-011F3EF3915D}.Debug|x86.Build.0 = Debug|Win32
		{A7053B87-6D4B-4ECB-B751-011F3EF3915D}.Release|x64.ActiveCfg = Release|x64
		{A7053B87-6D4B-4ECB-B751-011F3EF3915D}.Release|x64.Build.0 = Release|x64
		{A7053B87-6D4B-4ECB-B751-011F3EF3915D}.Release|x86.ActiveCfg = Release|Win32
		{A7053B87-6D4B-4ECB-B751-011F3EF3915D}.Release|x86.Build.0 = Release|Win32
		{365AE6F7-7AC9-46C9-835E-7EB690CAF673}.Debug|x64.ActiveCfg = Debug|x64
		{365AE6F7-7AC9-46C9-835E-7EB690CAF673}.Debug|x64.Build.0 = Debug|x64
		{365AE6F7-7AC9-46C9-835E-7EB690CAF673}.Debug|x86.ActiveCfg = Debug|Win32
		{365AE6F7-7AC9-46C9-835E-7EB690CAF673}.Debug|x86.Build.0 = Debug|Win32
		{365AE6F7-7AC9-46C9-835E-7EB690CAF673}.Release|x64.ActiveCfg = Release|x64
		{365AE6F7-7AC9-46C9-835E-7EB690CAF673}.Release|x64.Build.0 = Release|x64
		{365AE6F7-7AC9-46C9-835E-7EB690CAF673}.Release|x86.ActiveCfg = Release|Win32
		{365AE6F7-7AC9-46C9-835E-7EB690CAF673}.Release|x86.Build.0 = Release|Win32
		{D175EB7A-EF0D-4C36-A474-A575ACD8300E}.Debug|x64.ActiveCfg = Debug|x64
		{D175EB7A-EF0D-4C36-A474-A575ACD8300E}.Debug|x64.Build.0 = Debug|x64
		{D175EB7A-EF0D-4C36-A474-A575ACD8300E}.Debug|x86.ActiveCfg = Debug|Win32
		{D175EB7A-EF0D-4C36-A474-A575ACD8300E}.Debug|x86.Build.0 = Debug|Win32
		{D175EB7A-EF0D-4C36-A474-A575ACD8300E}.Release|x64.ActiveCfg = Release|x64
		{D175EB7A-EF0D-4C36-A474-A575ACD8300E}.Release|x64.Build.0 = Release|x64
		{D175EB7A-EF0D-4C36-A474-A575ACD8300E}.Release|x86.ActiveCfg = Release|Win32
		{D175EB7A-EF0D-4C36-A474-A575ACD8300E}.Release|x86.Build.0 = Release|Win32
		{11AD4246-46CF-42A4-AB3D-CD31CEC186B8}.Debug|x64.ActiveCfg = Debug|x64
		{11AD4246-46CF-42A4-AB3D-CD31CEC186B8}.Debug|x64.Build.0 = Debug|x64
		{11AD4246-46CF-42A4-AB3D-CD31CEC186B8}.Debug|x86.ActiveCfg = Debug|Win32
		{11AD4246-46CF-42A4-AB3D-CD31CEC186B8}.Debug|x86.Build.0 = Debug|Win32
		{11AD4246-46CF-42A4-AB3D-CD31CEC186B8}.Release|x64.ActiveCfg = Release|x64
		{11AD4246-46CF-42A4-AB3D-CD31CEC186B8}.Release|x64.Build.0 = Release|x64
		{11AD4246-46CF-42A4-AB3D-CD31CEC186B8}.Release|x86.ActiveCfg = Release|Win32
		{11AD4246-46CF-42A4-AB3D-CD31CEC186B8}.Release|x86.Build.0 = Release|Win32
		{6898C39D-BF15-4B39-97BA-94D9EA509349}.Debug|x64.ActiveCfg = Debug|x64
		{6898C39D-BF15-4B39-97BA-94D9EA509349}.Debug|x64.Build.0 = Debug|x64
		{6898C39D-BF15-4B39-97BA-94D9EA509349}.Debug|x86.ActiveCfg = Debug|Win32
		{6898C39D-BF15-4B39-97BA-94D9EA509349}.Debug|x86.Build.0 = Debug|Win32
		{6898C39D-BF15-4B39-97BA-94D9EA509349}.Release|x64.ActiveCfg = Release|x64
		{6898C39D-BF15-4B39-97BA-94D9EA509349}.Release|x64.Build.0 = Release|x64
		{6898C39D-BF15-4B39-97BA-94D9EA509349}.Release|x86.ActiveCfg = Release|Win32
		{6898C39D-BF15-4B39-97BA-94D9EA509349}.Release|x86.Build.0 = Release|Win32
		{93214202-E548-4412-966F-A2137156467F}.Debug|x64.ActiveCfg = Debug|x64
		{93214202-E548-4412-966F-A2137156467F}.Debug|x64.Build.0 = Debug|x64
		{93214202-E548-4412-966F-A2137156467F}.Debug|x86.ActiveCfg = Debug|Win32
		{93214202-E548-4412-966F-A2137156467F}.Debug|x86.Build.0 = Debug|Win32
		{93214202-E548-4412-966F-A2137156467F}.Release|x64.ActiveCfg = Release|x64
		{93214202-E548-4412-966F-A2137156467F}.Release|x64.Build.0 = Release|x64
		{93214202-E548-4412-966F-A2137156467F}.Release|x86.ActiveCfg = Release|Win32
		{93214202-E548-4412-966F-A2137156467F}.Release|x86.Build.0 = Release|Win32
		{931D5B62-C5AB-4B67-BEB9-B4BAB38DD9A4}.Debug|x64.ActiveCfg = Debug|x64
		{931D5B62-C5AB-4B67-BEB9-B4BAB38DD9A4}.Debug|x64.Build.0 = Debug|x64
		{931D5B62-C5AB-4B67-BEB9-B4BAB38DD9A4}.Debug|x86.ActiveCfg = Debug|Win32
		{931D5B62-C5AB-4B67-BEB9-B4BAB38DD9A4}.Debug|x86.Build.0 = Debug|Win32
		{931D5B62-C5AB-4B67-BEB9-B4BAB38DD9A4}.Release|x64.ActiveCfg = Release|x64
		{931D5B62-C5AB-4B67-BEB9-B4BAB38DD9A4}.Release|x64.Build.0 = Release|x64
		{931D5B62-C5AB-4B67-BEB9-B4BAB38DD9A4}.Release|x86.ActiveCfg = Release|Win32
		{931D5B62-C5AB-4B67-BEB9-B4BAB38DD9A4}.Release|x86.Build.0 = Release|Win32
		{CB2EE3DD-0306-44E5-9B2A-C6D7AA4B9657}.Debug|x64.ActiveCfg = Debug|x64
		{CB2EE3DD-0306-44E5-9B2A-C6D7AA4B9657}.Debug|x64.Build.0 = Debug|x64
		{CB2EE3DD-0306-44E5-9B2A-C6D7AA4B9657}.Debug|x86.ActiveCfg = Debug|Win32
		{CB2EE3DD-0306-44E5-9B2A-C6D7AA4B9657}.Debug|x86.Build.0 = Debug|Win32
		{CB2EE3DD-0306-44E5-9B2A-C6D7AA4B9657}.Release|x64.ActiveCfg = Release|x64
		{CB2EE3DD-0306-44E5-9B2A-C6D7AA4B9657}.Release|x64.Build.0 = Release|x64
		{CB2EE3DD-0306-44E5-9B2A-C6D7AA4B9657}.Release|x86.ActiveCfg = Release|Win32
		{CB2EE3DD-0306-44E5-9B2A-C6D7AA4B9657}.Release|x86.Build.0 = Release|Win32
		{A2C71A54-5617-4353-9BF4-F8C758666F29}.Debug|x64.ActiveCfg = Debug|x64
		{A2C71A54-5617-4353-9BF4-F8C758666F29}.Debug|x64.Build.0 = Debug|x64
		{A2C71A54-5617-4353-9BF4-F8C758666F29}.Debug|x86.ActiveCfg = Debug|Win32
		{A2C71A54-5617-4353-9BF4-F8C758666F29}.Debug|x86.Build.0 = Debug|Win32
		{A2C71A54-5617-4353-9BF4-F8C758666F29}.Release|x64.ActiveCfg = Release|x64
		{A2C71A54-5617-4353-9BF4-F8C758666F29}.Release|x64.Build.0 = Release|x64
		{A2C71A54-5617-4353-9BF4-F8C758666F29}.Release|x86.ActiveCfg = Release|Win32
		{A2C71A54-5617-4353-9BF4-F8C758666F29}.Release|x86.Build.0 = Release|Win32
		{DD7B1D95-8988-4D95-8032-39A33BACBB92}.Debug|x64.ActiveCfg = Debug|x64
		{DD7B1D95-8988-4D95-8032-39A33BACBB92}.Debug|x64.Build.0 = Debug|x64
		{DD7B1D95-8988-4D95-8032-39A33BACBB92}.Debug|x86.ActiveCfg = Debug|Win32
		{DD7B1D95-8988-4D95-8032-39A33BACBB92}.Debug|x86.Build.0 = Debug|Win32
		{DD7B1D95-8988-4D95-8032-39A33BACBB92}.Release|x64.ActiveCfg = Release|x64
		{DD7B1D95-8988-4D95-8032-39A33BACBB92}.Release|x64.Build.0 = Release|x64
		{DD7B1D95-8988-4D95-8032-39A33BACBB92}.Release|x86.ActiveCfg = Release|Win32
		{DD7B1D95-8988-4D95-8032-39A33BACBB92}.Release|x86.Build.0 = Release|Win32
		{8DC41ABC-5CEA-4FAE-B9FA-356D1133421F}.Debug|x64.ActiveCfg = Debug|x64
		{8DC41ABC-5CEA-4FAE-B9FA-356D1133421F}.Debug|x64.Build.0 = Debug|x64
		{8DC41ABC-5CEA-4FAE-B9FA-356D1133421F}.Debug|x86.ActiveCfg = Debug|Win32
		{8DC41ABC-5CEA-4FAE-B9FA-356D1133421F}.Debug|x86.Build.0 = Debug|Win32
		{8DC41ABC-5CEA-4FAE-B9FA-356D1133421F}.Release|x64.ActiveCfg = Release|x64
		{8DC41ABC-5CEA-4FAE-B9FA-356D1133421F}.Release|x64.Build.0 = Release|x64
		{8DC41ABC-5CEA-4FAE-B9FA-356D1133421F}.Release|x86.ActiveCfg = Release|Win32
		{8DC41ABC-5CEA-4FAE-B9FA-356D1133421F}.Release|x86.Build.0 = Release|Win32
		{F8BBBB9C-A705-4DE3-B850-1E8D2C9464E7}.Debug|x64.ActiveCfg = Debug|x64
		{F8BBBB9C-A705-4DE3-B850-1E8D2C9464E7}.Debug|x64.Build.0 = Debug|x64
		{F8BBBB9C-A705-4DE3-B850-1E8D2C9464E7}.Debug|x86.ActiveCfg = Debug|Win32
		{F8BBBB9C-A705-4DE3-B850-1E8D2C9464E7}.Debug|x86.Build.0 = Debug|Win32
		{F8BBBB9C-A705-4DE3-B850-1E8D2C9464E7}.Release|x64.ActiveCfg = Release|x64
		{F8BBBB9C-A705-4DE3-B850-1E8D2C9464E7}.Release|x64.Build.0 = Release|x64
		{F8BBBB9C-A705-4DE3-B850-1E8D2C9464E7}.Release|x86.ActiveCfg = Release|Win32
		{F8BBBB9C-A705-4DE3-B850-1E8D2C9464E7}.Release|x86.Build.0 = Release|Win32
		{2400CCB9-8F31-4A0B-A099-7C7499B1098C}.Debug|x64.ActiveCfg = Debug|x64
		{2400CCB9-8F31-4A0B-A099-7C7499B1098C}.Debug|x64.Build.0 = Debug|x64
		{2400CCB9-8F31-4A0B-A099-7C7499B1098C}.Debug|x86.ActiveCfg = Debug|Win32
		{2400CCB9-8F31-4A0B-A099-7C7499B1098C}.Debug|x86.Build.0 = Debug|Win32
		{2400CCB9-8F31-4A0B-A099-7C7499B1098C}.Release|x64.ActiveCfg = Release|x64
		{2400CCB9-8F31-4A0B-A099-7C7499B1098C}.Release|x64.Build.0 = Release|x64
		{2400CCB9-8F31-4A0B-A099-7C7499B1098C}.Release|x86.ActiveCfg = Release|Win32
		{2400CCB9-8F31-4A0B-A099-7C7499B1098C}.Release|x86.Build.0 = Release|Win32
		{CB266D08-2C6A-4C4C-9BC0-70CA316F6579}.Debug|x64.ActiveCfg = Debug|x64
		{CB266D08-2C6A-4C4C-9BC0-70CA316F6579}.Debug|x64.Build.0 = Debug|x64
		{CB266D08-2C6A-4C4C-9BC0-70CA316F6579}.Debug|x86.ActiveCfg = Debug|Win32
		{CB266D08-2C6A-4C4C-9BC0-70CA316F6579}.Debug|x86.Build.0 = Debug|Win32
		{CB266D08-2C6A-4C4C-9BC0-70CA316F6579}.Release|x64.ActiveCfg = Release|x64
		{CB266D08-2C6A-4C4C-9BC0-70CA316F6579}.Release|x64.Build.0 = Release|x64
		{CB266D08-2C6A-4C4C-9BC0-70CA316F6579}.Release|x86.ActiveCfg = Release|Win32
		{CB266D08-2C6A-4C4C-9BC0-70CA316F6579}.Release|x86.Build.0 = Release|Win32
		{325805E7-FC67-4EBD-9FD0-B94C0E7CF2AC}.Debug|x64.ActiveCfg = Debug|x64
		{325805E7-FC67-4EBD-9FD0-B94C0E7CF2AC}.Debug|x64.Build.0 = Debug|x64
		{325805E7-FC67-4EBD-9FD0-B94C0E7CF2AC}.Debug|x86.ActiveCfg = Debug|Win32
		{325805E7-FC67-4EBD-9FD0-B94C0E7CF2AC}.Debug|x86.Build.0 = Debug|Win32
		{325805E7-FC67-4EBD-9FD0-B94C0E7CF2AC}.Release|x64.ActiveCfg = Release|x64
		{325805E7-FC67-4EBD-9FD0-B94C0E7CF2AC}.Release|x64.Build.0 = Release|x64
		{325805E7-FC67-4EBD-9FD0-B94C0E7CF2AC}.Release|x86.ActiveCfg = Release|Win32
		{325805E7-FC67-4EBD-9FD0-B94C0E7CF2AC}.Release|x86.Build.0 = Release|Win32
		{7B40C7A5-AB0A-4267-91A5-A8C0CE3A73FD}.Debug|x64.ActiveCfg = Debug|x64
		{7B40C7A5-AB0A-4267-91A5-A8C0CE3A73FD}.Debug|x64.Build.0 = Debug|x64
		{7B40C7A5-AB0A-4267-91A5-A8C0CE3A73FD}.Debug|x86.ActiveCfg = Debug|Win32
		{7B40C7A5-AB0A-4267-91A5-A8C0CE3A73FD}.Debug|x86.Build.0 = Debug|Win32
		{7B40C7A5-AB0A-4267-91A5-A8C0CE3A73FD}.Release|x64.ActiveCfg = Release|x64
		{7B40C7A5-AB0A-4267-91A5-A8C0CE3A73FD}.Release|x64.Build.0 = Release|x64
		{7B40C7A5-AB0A-4267-91A5-A8C0CE3A73FD}.Release|x86.ActiveCfg = Release|Win32
		{7B40C7A5-AB0A-4267-91A5-A8C0CE3A73FD}.Release|x86.Build.0 = Release|Win32
		{5EACEE59-9A91-4539-BA5F-37E7B51C33CD}.Debug|x64.ActiveCfg = Debug|x64
		{5EACEE59-9A91-4539-BA5F-37E7B51C33CD}.Debug|x64.Build.0 = Debug|x64
		{5EACEE59-9A91-4539-BA5F-37E7B51C33CD}.Debug|x86.ActiveCfg = Debug|Win32
		{5EACEE59-9A91-4539-BA5F-37E7B51C33CD}.Debug|x86.Build.0 = Debug|Win32
		{5EACEE59-9A91-4539-BA5F-37E7B51C33CD}.Release|x64.ActiveCfg = Release|x64
		{5EACEE59-9A91-4539-BA5F-37E7B51C33CD}.Release|x64.Build.0 = Release|x64
		{5EACEE59-9A91-4539-BA5F-37E7B51C33CD}.Release|x86.ActiveCfg = Release|Win32
		{5EACEE59-9A91-4539-BA5F-37E7B51C33CD}.Release|x86.Build.0 = Release|Win32
		{65A844BB-66C2-4EBF-892C-CADECD9E39BF}.Debug|x64.ActiveCfg = Debug|x64
		{65A844BB-66C2-4EBF-892C-CADECD9E39BF}.Debug|x64.Build.0 = Debug|x64
		{65A844BB-66C2-4EBF-892C-CADECD9E39BF}.Debug|x86.ActiveCfg = Debug|Win32
		{65A844BB-66C2-4EBF-892C-CADECD9E39BF}.Debug|x86.Build.0 = Debug|Win32
		{65A844BB-66C2-4EBF-892C-CADECD9E39BF}.Release|x64.ActiveCfg = Release|x64
		{65A844BB-66C2-4EBF-892C-CADECD9E39BF}.Release|x64.Build.0 = Release|x64
		{65A844BB-66C2-4EBF-892C-CADECD9E39BF}.Release|x86.ActiveCfg = Release|Win32
		{65A844BB-66C2-4EBF-892C-CADECD9E39BF}.Release|x86.Build.0 = Release|Win32
		{9F0A9221-BA8C-427C-B468-C2B1429159F2}.Debug|x64.ActiveCfg = Debug|x64
		{9F0A9221-BA8C-427C-B468-C2B1429159F2}.Debug|x64.Build.0 = Debug|x64
		{9F0A9221-BA8C-427C-B468-C2B1429159F2}.Debug|x86.ActiveCfg = Debug|Win32
		{9F0A9221-BA8C-427C-B468-C2B1429159F2}.Debug|x86.Build.0 = Debug|Win32
		{9F0A9221-BA8C-427C-B468-C2B1429159F2}.Release|x64.ActiveCfg = Release|x64
		{9F0A9221-BA8C-427C-B468-C2B1429159F2}.Release|x64.Build.0 = Release|x64
		{9F0A9221-BA8C-427C-B468-C2B1429159F2}.Release|x86.ActiveCfg = Release|Win32
		{9F0A9221-BA8C-427C-B468-C2B1429159F2}.Release|x86.Build.0 = Release|Win32
		{4F6F13F1-9503-4D6E-88C1-31894ED1979D}.Debug|x64.ActiveCfg = Debug|x64
		{4F6F13F1-9503-4D6E-88C1-31894ED1979D}.Debug|x64.Build.0 = Debug|x64
		{4F6F13F1-9503-4D6E-88C1-31894ED1979D}.Debug|x86.ActiveCfg = Debug|Win32
		{4F6F13F1-9503-4D6E-88C1-31894ED1979D}.Debug|x86.Build.0 = Debug|Win32
		{4F6F13F1-9503-4D6E-88C1-31894ED1979D}.Release|x64.ActiveCfg = Release|x64
		{4F6F13F1-9503-4D6E-88C1-31894ED1979D}.Release|x64.Build.0 = Release|x64
		{4F6F13F1-9503-4D6E-88C1-31894ED1979D}.Release|x86.ActiveCfg = Release|Win32
		{4F6F13F1-9503-4D6E-88C1-31894ED1979D}.Release|x86.Build.0 = Release|Win32
		{9BA41839-E974-47E0-9AE2-787BCEF3C67B}.Debug|x64.ActiveCfg = Debug|x64
		{9BA41839-E974-47E0-9AE2-787BCEF3C67B}.Debug|x64.Build.0 = Debug|x64
		{9BA41839-E974-47E0-9AE2-787BCEF3C67B}.Debug|x86.ActiveCfg = Debug|Win32
		{9BA41839-E974-47E0-9AE2-787BCEF3C67B}.Debug|x86.Build.0 = Debug|Win32
		{9BA41839-E974-47E0-9AE2-787BCEF3C67B}.Release|x64.ActiveCfg = Release|x64
		{9BA41839-E974-47E0-9AE2-787BCEF3C67B}.Release|x64.Build.0 = Release|x64
		{9BA41839-E974-47E0-9AE2-787BCEF3C67B}.Release|x86.ActiveCfg = Release|Win32
		{9BA41839-E974-47E0-9AE2-787BCEF3C67B}.Release|x86.Build.0 = Release|Win32
		{C2153C4A-EDA1-44FA-B45A-86C17556EA54}.Debug|x64.ActiveCfg = Debug|x64
		{C2153C4A-EDA1-44FA-B45A-86C17556EA54}.Debug|x64.Build.0 = Debug|x64
		{C2153C4A-EDA1-44FA-B45A-86C17556EA54}.Debug|x86.ActiveCfg = Debug|Win32
		{C2153C4A-EDA1-44FA-B45A-86C17556EA54}.Debug|x86.Build.0 = Debug|Win32
		{C2153C4A-EDA1-44FA-B45A-86C17556EA54}.Release|x64.ActiveCfg = Release|x64
		{C2153C4A-EDA1-44FA-B45A-86C17556EA54}.Release|x64.Build.0 = Release|x64
		{C2153C4A-EDA1-44FA-B45A-86C17556EA54}.Release|x86.ActiveCfg = Release|Win32
		{C2153C4A-EDA1-44FA-B45A-86C17556EA54}.Release|x86.Build.0 = Release|Win32
		{A5347F19-6EC4-46E9-BEF6-8E85DAEA12E5}.Debug|x64.ActiveCfg = Debug|x64
		{A5347F19-6EC4-46E9-BEF6-8E85DAEA12E5}.Debug|x64.Build.0 = Debug|x64
		{A5347F19-6EC4-46E9-BEF6-8E85DAEA12E5}.Debug|x86.ActiveCfg = Debug|Win32
		{A5347F19-6EC4-46E9-BEF6-8E85DAEA12E5}.Debug|x86.Build.0 = Debug|Win32
		{A5347F19-6EC4-46E9-BEF6-8E85DAEA12E5}.Release|x64.ActiveCfg = Release|x64
		{A5347F19-6EC4-46E9-BEF6-8E85DAEA12E5}.Release|x64.Build.0 = Release|x64
		{A5347F19-6EC4-46E9-BEF6-8E85DAEA12E5}.Release|x86.ActiveCfg = Release|Win32
		{A5347F19-6EC4-46E9-BEF6-8E85DAEA12E5}.Release|x86.Build.0 = Release|Win32
		{F21157B6-E6DD-4A5B-B47F-B2AF147ADEC9}.Debug|x64.ActiveCfg = Debug|x64
		{F21157B6-E6DD-4A5B-B47F-B2AF147ADEC9}.Debug|x64.Build.0 = Debug|x64
		{F21157B6-E6DD-4A5B-B47F-B2AF147ADEC9}.Debug|x86.ActiveCfg = Debug|Win32
		{F21157B6-E6DD-4A5B-B47F-B2AF147ADEC9}.Debug|x86.Build.0 = Debug|Win32
		{F21157B6-E6DD-4A5B-B47F-B2AF147ADEC9}.Release|x64.ActiveCfg = Release|x64
		{F21157B6-E6DD-4A5B-B47F-B2AF147ADEC9}.Release|x64.Build.0 = Release|x64
		{F21157B6-E6DD-4A5B-B47F-B2AF147ADEC9}.Release|x86.ActiveCfg = Release|Win32
		{F21157B6-E6DD-4A5B-B47F-B2AF147ADEC9}.Release|x86.Build.0 = Release|Win32
		{29C2080A-B177-47A2-A7C1-535A75A5ABA8}.Debug|x64.ActiveCfg = Debug|x64
		{29C2080A-B177-47A2-A7C1-535A75A5ABA8}.Debug|x64.Build.0 = Debug|x64
		{29C2080A-B177-47A2-A7C1-535A75A5ABA8}.Debug|x86.ActiveCfg = Debug|Win32
		{29C2080A-B177-47A2-A7C1-535A75A5ABA8}.Debug|x86.Build.0 = Debug|Win32
		{29C2080A-B177-47A2-A7C1-535A75A5ABA8}.Release|x64.ActiveCfg = Release|x64
		{29C2080A-B177-47A2-A7C1-535A75A5ABA8}.Release|x64.Build.0 = Release|x64
		{29C2080A-B177-47A2-A7C1-535A75A5ABA8}.Release|x86.ActiveCfg = Release|Win32
		{29C2080A-B177-47A2-A7C1-535A75A5ABA8}.Release|x86.Build.0 = Release|Win32
		{2E8E7BEB-F862-4C06-B225-DA220837197B}.Debug|x64.ActiveCfg = Debug|x64
		{2E8E7BEB-F862-4C06-B225-DA220837197B}.Debug|x64.Build.0 = Debug|x64
		{2E8E7BEB-F862-4C06-B225-DA220837197B}.Debug|x86.ActiveCfg = Debug|Win32
		{2E8E7BEB-F862-4C06-B225-DA220837197B}.Debug|x86.Build.0 = Debug|Win32
		{2E8E7BEB-F862-4C06-B225-DA220837197B}.Release|x64.ActiveCfg = Release|x64
		{2E8E7BEB-F862-4C06-B225-DA220837197B}.Release|x64.Build.0 = Release|x64
		{2E8E7BEB-F862-4C06-B225-DA220837197B}.Release|x86.ActiveCfg = Release|Win32
		{2E8E7BEB-F862-4C06-B225-DA220837197B}.Release|x86.Build.0 = Release|Win32
		{F6AFC8E1-627F-49BB-BBA8-0C1950ACBCF8}.Debug|x64.ActiveCfg = Debug|x64
		{F6AFC8E1-627F-49BB-BBA8-0C1950ACBCF8}.Debug|x64.Build.0 = Debug|x64
		{F6AFC8E1-627F-49BB-BBA8-0C1950ACBCF8}.Debug|x86.ActiveCfg = Debug|Win32
		{F6AFC8E1-627F-49BB-BBA8-0C1950ACBCF8}.Debug|x86.Build.0 = Debug|Win32
		{F6AFC8E1-627F-49BB-BBA8-0C1950ACBCF8}.Release|x64.ActiveCfg = Release|x64
		{F6AFC8E1-627F-49BB-BBA8-0C1950ACBCF8}.Release|x64.Build.0 = Release|x64
		{F6AFC8E1-627F-49BB-BBA8-0C1950ACBCF8}.Release|x86.ActiveCfg = Release|Win32
		{F6AFC8E1-627F-49BB-BBA8-0C1950ACBCF8}.Release|x86.Build.0 = Release|Win32
		{EC8BE58D-4520-42D2-97B5-6EF6004CDDF5}.Debug|x64.ActiveCfg = Debug|x64
		{EC8BE58D-4520-42D2-97B5-6EF6004CDDF5}.Debug|x64.Build.0 = Debug|x64
		{EC8BE58D-4520-42D2-97B5-6EF6004CDDF5}.Debug|x86.ActiveCfg = Debug|Win32
		{EC8BE58D-4520-42D2-97B5-6EF6004CDDF5}.Debug|x86.Build.0 = Debug|Win32
		{EC8BE58D-4520-42D2-97B5-6EF6004CDDF5}.Release|x64.ActiveCfg = Release|x64
		{EC8BE58D-4520-42D2-97B5-6EF6004CDDF5}.Release|x64.Build.0 = Release|x64
		{EC8BE58D-4520-42D2-97B5-6EF6004CDDF5}.Release|x86.ActiveCfg = Release|Win32
		{EC8BE58D-4520-42D2-97B5-6EF6004CDDF5}.Release|x86.Build.0 = Release|Win32
		{8CFC8AE4-6963-40F8-995A-571342F497AE}.Debug|x64.ActiveCfg = Debug|x64
		{8CFC8AE4-6963-40F8-995A-571342F497AE}.Debug|x64.Build.0 = Debug|x64
		{8CFC8AE4-6963-40F8-995A-571342F497AE}.Debug|x86.ActiveCfg = Debug|Win32
		{8CFC8AE4-6963-40F8-995A-571342F497AE}.Debug|x86.Build.0 = Debug|Win32
		{8CFC8AE4-6963-40F8-995A-571342F497AE}.Release|x64.ActiveCfg = Release|x64
		{8CFC8AE4-6963-40F8-995A-571342F497AE}.Release|x64.Build.0 = Release|x64
		{8CFC8AE4-6963-40F8-995A-571342F497AE}.Release|x86.ActiveCfg = Release|Win32
		{8CFC8AE4-6963-40F8-995A-571342F497AE}.Release|x86.Build.0 = Release|Win32
		{380CEAF3-AD80-4998-92BD-D788B97349D7}.Debug|x64.ActiveCfg = Debug|x64
		{380CEAF3-AD80-4998-92BD-D788B97349D7}.Debug|x64.Build.0 = Debug|x64
		{380CEAF3-AD80-4998-92BD-D788B97349D7}.Debug|x86.ActiveCfg = Debug|Win32
		{380CEAF3-AD80-4998-92BD-D788B97349D7}.Debug|x86.Build.0 = Debug|Win32
		{380CEAF3-AD80-4998-92BD-D788B97349D7}.Release|x64.ActiveCfg = Release|x64
		{380CEAF3-AD80-4998-92BD-D788B97349D7}.Release|x64.Build.0 = Release|x64
		{380CEAF3-AD80-4998-92BD-D788B97349D7}.Release|x86.ActiveCfg = Release|Win32
		{380CEAF3-AD80-4998-92BD-D788B97349D7}.Release|x86.Build.0 = Release|Win32
		{1196538D-86AA-4EEF-8EB9-3E74EC88878E}.Debug|x64.ActiveCfg = Debug|x64
		{1196538D-86AA-4EEF-8EB9-3E74EC88878E}.Debug|x64.Build.0 = Debug|x64
		{1196538D-86AA-4EEF-8EB9-3E74EC88878E}.Debug|x86.ActiveCfg = Debug|Win32
		{1196538D-86AA-4EEF-8EB9-3E74EC88878E}.Debug|x86.Build.0 = Debug|Win32
		{1196538D-86AA-4EEF-8EB9-3E74EC88878E}.Release|x64.ActiveCfg = Release|x64
		{1196538D-86AA-4EEF-8EB9-3E74EC88878E}.Release|x64.Build.0 = Release|x64
		{1196538D-86AA-4EEF-8EB9-3E74EC88878E}.Release|x86.ActiveCfg = Release|Win32
		{1196538D-86AA-4EEF-8EB9-3E74EC88878E}.Release|x86.Build.0 = Release|Win32
		{D9F013A4-5BB6-408F-BBF0-8DACE44A6229}.Debug|x64.ActiveCfg = Debug|x64
		{D9F013A4-5BB6-408F-BBF0-8DACE44A6229}.Debug|x64.Build.0 = Debug|x64
		{D9F013A4-5BB6-408F-BBF0-8DACE44A6229}.Debug|x86.ActiveCfg = Debug|Win32
		{D9F013A4-5BB6-408F-BBF0-8DACE44A6229}.Debug|x86.Build.0 = Debug|Win32
		{D9F013A4-5BB6-408F-BBF0-8DACE44A6229}.Release|x64.ActiveCfg = Release|x64
		{D9F013A4-5BB6-408F-BBF0-8DACE44A6229}.Release|x64.Build.0 = Release|x64
		{D9F013A4-5BB6-408F-BBF0-8DACE44A6229}.Release|x86.ActiveCfg = Release|Win32
		{D9F013A4-5BB6-408F-BBF0-8DACE44A6229}.Release|x86.Build.0 = Release|Win32
		{179BD261-C622-4121-839B-551BF7B3F399}.Debug|x64.ActiveCfg = Debug|x64
		{179BD261-C622-4121-839B-551BF7B3F399}.Debug|x64.Build.0 = Debug|x64
		{179BD261-C622-4121-839B-551BF7B3F399}.Debug|x86.ActiveCfg = Debug|Win32
		{179BD261-C622-4121-839B-551BF7B3F399}.Debug|x86.Build.0 = Debug|Win32
		{179BD261-C622-4121-839B-551BF7B3F399}.Release|x64.ActiveCfg = Release|x64
		{179BD261-C622-4121-839B-551BF7B3F399}.Release|x64.Build.0 = Release|x64
		{179BD261-C622-4121-839B-551BF7B3F399}.Release|x86.ActiveCfg = Release|Win32
		{179BD261-C622-4121-839B-551BF7B3F399}.Release|x86.Build.0 = Release|Win32
		{B8A1322D-223A-45B2-B709-F4CB8D56C484}.Debug|x64.ActiveCfg = Debug|x64
		{B8A1322D-223A-45B2-B709-F4CB8D56C484}.Debug|x64.Build.0 = Debug|x64
		{B8A1322D-223A-45B2-B709-F4CB8D56C484}.Debug|x86.ActiveCfg = Debug|Win32
		{B8A1322D-223A-45B2-B709-F4CB8D56C484}.Debug|x86.Build.0 = Debug|Win32
		{B8A1322D-223A-45B2-B709-F4CB8D56C484}.Release|x64.ActiveCfg = Release|x64
		{B8A1322D-223A-45B2-B709-F4CB8D56C484}.Release|x64.Build.0 = Release|x64
		{B8A1322D-223A-45B2-B709-F4CB8D56C484}.Release|x86.ActiveCfg = Release|Win32
		{B8A1322D-223A-45B2-B709-F4CB8D56C484}.Release|x86.Build.0 = Release|Win32
		{A70D2BF9-8A69-4B46-90B3-53B9142CC179}.Debug|x64.ActiveCfg = Debug|x64
		{A70D2BF9-8A69-4B46-90B3-53B9142CC179}.Debug|x64.Build.0 = Debug|x64
		{A70D2BF9-8A69-4B46-90B3-53B9142CC179}.Debug|x86.ActiveCfg = Debug|Win32
		{A70D2BF9-8A69-4B46-90B3-53B9142CC179}.Debug|x86.Build.0 = Debug|Win32
		{A70D2BF9-8A69-4B46-90B3-53B9142CC179}.Release|x64.ActiveCfg = Release|x64
		{A70D2BF9-8A69-4B46-90B3-53B9142CC179}.Release|x64.Build.0 = Release|x64
		{A70D2BF9-8A69-4B46-90B3-53B9142CC179}.Release|x86.ActiveCfg = Release|Win32
		{A70D2BF9-8A69-4B46-90B3-53B9142CC179}.Release|x86.Build.0 = Release|Win32
		{CECA3B31-C153-4E72-8BEA-79CBD8EDD1FC}.Debug|x64.ActiveCfg = Debug|x64
		{CECA3B31-C153-4E72-8BEA-79CBD8EDD1FC}.Debug|x64.Build.0 = Debug|x64
		{CECA3B31-C153-4E72-8BEA-79CBD8EDD1FC}.Debug|x86.ActiveCfg = Debug|Win32
		{CECA3B31-C153-4E72-8BEA-79CBD8EDD1FC}.Debug|x86.Build.0 = Debug|Win32
		{CECA3B31-C153-4E72-8BEA-79CBD8EDD1FC}.Release|x64.ActiveCfg = Release|x64
		{CECA3B31-C153-4E72-8BEA-79CBD8EDD1FC}.Release|x64.Build.0 = Release|x64
		{CECA3B31-C153-4E72-8BEA-79CBD8EDD1FC}.Release|x86.ActiveCfg = Release|Win32
		{CECA3B31-C153-4E72-8BEA-79CBD8EDD1FC}.Release|x86.Build.0 = Release|Win32
		{05E04AC3-A864-442A-ACAE-2A171FF389FC}.Debug|x64.ActiveCfg = Debug|x64
		{05E04AC3-A864-442A-ACAE-2A171FF389FC}.Debug|x64.Build.0 = Debug|x64
		{05E04AC3-A864-442A-ACAE-2A171FF389FC}.Debug|x86.ActiveCfg = Debug|Win32
		{05E04AC3-A864-442A-ACAE-2A171FF389FC}.Debug|x86.Build.0 = Debug|Win32
		{05E04AC3-A864-442A-ACAE-2A171FF389FC}.Release|x64.ActiveCfg = Release|x64
		{05E04AC3-A864-442A-ACAE-2A171FF389FC}.Release|x64.Build.0 = Release|x64
		{05E04AC3-A864-442A-ACAE-2A171FF389FC}.Release|x86.ActiveCfg = Release|Win32
		{05E04AC3-A864-442A-ACAE-2A171FF389FC}.Release|x86.Build.0 = Release|Win32
		{635DA6C1-65D6-4875-BB98-C8E6875DCAC2}.Debug|x64.ActiveCfg = Debug|x64
		{635DA6C1-65D6-4875-BB98-C8E6875DCAC2}.Debug|x64.Build.0 = Debug|x64
		{635DA6C1-65D6-4875-BB98-C8E6875DCAC2}.Debug|x86.ActiveCfg = Debug|Win32
		{635DA6C1-65D6-4875-BB98-C8E6875DCAC2}.Debug|x86.Build.0 = Debug|Win32
		{635DA6C1-65D6-4875-BB98-C8E6875DCAC2}.Release|x64.ActiveCfg = Release|x64
		{635DA6C1-65D6-4875-BB98-C8E6875DCAC2}.Release|x64.Build.0 = Release|x64
		{635DA6C1-65D6-4875-BB98-C8E6875DCAC2}.Release|x86.ActiveCfg = Release|Win32
		{635DA6C1-65D6-4875-BB98-C8E6875DCAC2}.Release|x86.Build.0 = Release|Win32
		{58C0FF7B-12F4-43BF-9EF9-63093E675920}.Debug|x64.ActiveCfg = Debug|x64
		{58C0FF7B-12F4-43BF-9EF9-63093E675920}.Debug|x64.Build.0 = Debug|x64
		{58C0FF7B-12F4-43BF-9EF9-63093E675920}.Debug|x86.ActiveCfg = Debug|Win32
		{58C0FF7B-12F4-43BF-9EF9-63093E675920}.Debug|x86.Build.0 = Debug|Win32
		{58C0FF7B-12F4-43BF-9EF9-63093E675920}.Release|x64.ActiveCfg = Release|x64
		{58C0FF7B-12F4-43BF-9EF9-63093E675920}.Release|x64.Build.0 = Release|x64
		{58C0FF7B-12F4-43BF-9EF9-63093E675920}.Release|x86.ActiveCfg = Release|Win32
		{58C0FF7B-12F4-43BF-9EF9-63093E675920}.Release|x86.Build.0 = Release|Win32
		{7856624F-E1F3-4526-9778-8399664B0A21}.Debug|x64.ActiveCfg = Debug|x64
		{7856624F-E1F3-4526-9778-8399664B0A21}.Debug|x64.Build.0 = Debug|x64
		{7856624F-E1F3-4526-9778-8399664B0A21}.Debug|x86.ActiveCfg = Debug|Win32
		{7856624F-E1F3-4526-9778-8399664B0A21}.Debug|x86.Build.0 = Debug|Win32
		{7856624F-E1F3-4526-9778-8399664B0A21}.Release|x64.ActiveCfg = Release|x64
		{7856624F-E1F3-4526-9778-8399664B0A21}.Release|x64.Build.0 = Release|x64
		{7856624F-E1F3-4526-9778-8399664B0A21}.Release|x86.ActiveCfg = Release|Win32
		{7856624F-E1F3-4526-9778-8399664B0A21}.Release|x86.Build.0 = Release|Win32
		{2D760EB3-B956-48AF-BCF2-7DA5F2CCD1C2}.Debug|x64.ActiveCfg = Debug|x64
		{2D760EB3-B956-48AF-BCF2-7DA5F2CCD1C2}.Debug|x64.Build.0 = Debug|x64
		{2D760EB3-B956-48AF-BCF2-7DA5F2CCD1C2}.Debug|x86.ActiveCfg = Debug|Win32
		{2D760EB3-B956-48AF-BCF2-7DA5F2CCD1C2}.Debug|x86.Build.0 = Debug|Win32
		{2D760EB3-B956-48AF-BCF2-7DA5F2CCD1C2}.Release|x64.ActiveCfg = Release|x64
		{2D760EB3-B956-48AF-BCF2-7DA5F2CCD1C2}.Release|x64.Build.0 = Release|x64
		{2D760EB3-B956-48AF-BCF2-7DA5F2CCD1C2}.Release|x86.ActiveCfg = Release|Win32
		{2D760EB3-B956-48AF-BCF2-7DA5F2CCD1C2}.Release|x86.Build.0 = Release|Win32
		{47BB6A72-EC87-4273-B09F-6C67D5FFFD27}.Debug|x64.ActiveCfg = Debug|x64
		{47BB6A72-EC87-4273-B09F-6C67D5FFFD27}.Debug|x64.Build.0 = Debug|x64
		{47BB6A72-EC87-4273-B09F-6C67D5FFFD27}.Debug|x86.ActiveCfg = Debug|Win32
		{47BB6A72-EC87-4273-B09F-6C67D5FFFD27}.Debug|x86.Build.0 = Debug|Win32
		{47BB6A72-EC87-4273-B09F-6C67D5FFFD27}.Release|x64.ActiveCfg = Release|x64
		{47BB6A72-EC87-4273-B09F-6C67D5FFFD27}.Release|x64.Build.0 = Release|x64
		{47BB6A72-EC87-4273-B09F-6C67D5FFFD27}.Release|x86.ActiveCfg = Release|Win32
		{47BB6A72-EC87-4273-B09F-6C67D5FFFD27}.Release|x86.Build.0 = Release|Win32
		{48B595CD-C644-415B-AE95-AFF60AD75166}.Debug|x64.ActiveCfg = Debug|x64
		{48B595CD-C644-415B-AE95-AFF60AD75166}.Debug|x64.Build.0 = Debug|x64
		{48B595CD-C644-415B-AE95-AFF60AD75166}.Debug|x86.ActiveCfg = Debug|Win32
		{48B595CD-C644-415B-AE95-AFF60AD75166}.Debug|x86.Build.0 = Debug|Win32
		{48B595CD-C644-415B-AE95-AFF60AD75166}.Release|x64.ActiveCfg = Release|x64
		{48B595CD-C644-415B-AE95-AFF60AD75166}.Release|x64.Build.0 = Release|x64
		{48B595CD-C644-415B-AE95-AFF60AD75166}.Release|x86.ActiveCfg = Release|Win32
		{48B595CD-C644-415B-AE95-AFF60AD75166}.Release|x86.Build.0 = Release|Win32
		{63916A2D-0E39-4B73-BE96-BA9BF4CBC3E8}.Debug|x64.ActiveCfg = Debug|x64
		{63916A2D-0E39-4B73-BE96-BA9BF4CBC3E8}.Debug|x64.Build.0 = Debug|x64
		{63916A2D-0E39-4B73-BE96-BA9BF4CBC3E8}.Debug|x86.ActiveCfg = Debug|Win32
		{63916A2D-0E39-4B73-BE96-BA9BF4CBC3E8}.Debug|x86.Build.0 = Debug|Win32
		{63916A2D-0E39-4B73-BE96-BA9BF4CBC3E8}.Release|x64.ActiveCfg = Release|x64
		{63916A2D-0E39-4B73-BE96-BA9BF4CBC3E8}.Release|x64.Build.0 = Release|x64
		{63916A2D-0E39-4B73-BE96-BA9BF4CBC3E8}.Release|x86.ActiveCfg = Release|Win32
		{63916A2D-0E39-4B73-BE96-BA9BF4CBC3E8}.Release|x86.Build.0 = Release|Win32
		{607CB092-6D75-4F23-9467-DFC955242424}.Debug|x64.ActiveCfg = Debug|x64
		{607CB092-6D75-4F23-9467-DFC955242424}.Debug|x64.Build.0 = Debug|x64
		{607CB092-6D75-4F23-9467-DFC955242424}.Debug|x86.ActiveCfg = Debug|Win32
		{607CB092-6D75-4F23-9467-DFC955242424}.Debug|x86.Build.0 = Debug|Win32
		{607CB092-6D75-4F23-9467-DFC955242424}.Release|x64.ActiveCfg = Release|x64
		{607CB092-6D75-4F23-9467-DFC955242424}.Release|x64.Build.0 = Release|x64
		{607CB092-6D75-4F23-9467-DFC955242424}.Release|x86.ActiveCfg = Release|Win32
		{607CB092-6D75-4F23-9467-DFC955242424}.Release|x86.Build.0 = Release|Win32
		{B96AF1FE-949A-4B6F-BF92-B97997BC0292}.Debug|x64.ActiveCfg = Debug|x64
		{B96AF1FE-949A-4B6F-BF92-B97997BC0292}.Debug|x64.Build.0 = Debug|x64
		{B96AF1FE-949A-4B6F-BF92-B97997BC0292}.Debug|x86.ActiveCfg = Debug|Win32
		{B96AF1FE-949A-4B6F-BF92-B97997BC0292}.Debug|x86.Build.0 = Debug|Win32
		{B96AF1FE-949A-4B6F-BF92-B97997BC0292}.Release|x64.ActiveCfg = Release|x64
		{B96AF1FE-949A-4B6F-BF92-B97997BC0292}.Release|x64.Build.0 = Release|x64
		{B96AF1FE-949A-4B6F-BF92-B97997BC0292}.Release|x86.ActiveCfg = Release|Win32
		{B96AF1FE-949A-4B6F-BF92-B97997BC0292}.Release|x86.Build.0 = Release|Win32
		{BFDA763F-2A11-49FD-AECC-22E6C35F267C}.Debug|x64.ActiveCfg = Debug|x64
		{BFDA763F-2A11-49FD-AECC-22E6C35F267C}.Debug|x64.Build.0 = Debug|x64
		{BFDA763F-2A11-49FD-AECC-22E6C35F267C}.Debug|x86.ActiveCfg = Debug|Win32
		{BFDA763F-2A11-49FD-AECC-22E6C35F267C}.Debug|x86.Build.0 = Debug|Win32
		{BFDA763F-2A11-49FD-AECC-22E6C35F267C}.Release|x64.ActiveCfg = Release|x64
		{BFDA763F-2A11-49FD-AECC-22E6C35F267C}.Release|x64.Build.0 = Release|x64
		{BFDA763F-2A11-49FD-AECC-22E6C35F267C}.Release|x86.ActiveCfg = Release|Win32
		{BFDA763F-2A11-49FD-AECC-22E6C35F267C}.Release|x86.Build.0 = Release|Win32
		{3CF0F007-1BF2-4B87-9499-30B69D2713A8}.Debug|x64.ActiveCfg = Debug|x64
		{3CF0F007-1BF2-4B87-9499-30B69D2713A8}.Debug|x64.Build.0 = Debug|x64
		{3CF0F007-1BF2-4B87-9499-30B69D2713A8}.Debug|x86.ActiveCfg = Debug|Win32
		{3CF0F007-1BF2-4B87-9499-30B69D2713A8}.Debug|x86.Build.0 = Debug|Win32
		{3CF0F007-1BF2-4B87-9499-30B69D2713A8}.Release|x64.ActiveCfg = Release|x64
		{3CF0F007-1BF2-4B87-9499-30B69D2713A8}.Release|x64.Build.0 = Release|x64
		{3CF0F007-1BF2-4B87-9499-30B69D2713A8}.Release|x86.ActiveCfg = Release|Win32
		{3CF0F007-1BF2-4B87-9499-30B69D2713A8}.Release|x86.Build.0 = Release|Win32
		{0C564EAC-6CC5-4A31-9D0B-5EF4EF03B2B1}.Debug|x64.ActiveCfg = Debug|x64
		{0C564EAC-6CC5-4A31-9D0B-5EF4EF03B2B1}.Debug|x64.Build.0 = Debug|x64
		{0C564EAC-6CC5-4A31-9D0B-5EF4EF03B2B1}.Debug|x86.ActiveCfg = Debug|Win32
		{0C564EAC-6CC5-4A31-9D0B-5EF4EF03B2B1}.Debug|x86.Build.0 = Debug|Win32
		{0C564EAC-6CC5-4A31-9D0B-5EF4EF03B2B1}.Release|x64.ActiveCfg = Release|x64
		{0C564EAC-6CC5-4A31-9D0B-5EF4EF03B2B1}.Release|x64.Build.0 = Release|x64
		{0C564EAC-6CC5-4A31-9D0B-5EF4EF03B2B1}.Release|x86.ActiveCfg = Release|Win32
		{0C564EAC-6CC5-4A31-9D0B-5EF4EF03B2B1}.Release|x86.Build.0 = Release|Win32
		{F8FFBE0D-A5F6-41D6-84EA-D359F68C0975}.Debug|x64.ActiveCfg = Debug|x64
		{F8FFBE0D-A5F6-41D6-84EA-D359F68C0975}.Debug|x64.Build.0 = Debug|x64
		{F8FFBE0D-A5F6-41D6-84EA-D359F68C0975}.Debug|x86.ActiveCfg = Debug|Win32
		{F8FFBE0D-A5F6-41D6-84EA-D359F68C0975}.Debug|x86.Build.0 = Debug|Win32
		{F8FFBE0D-A5F6-41D6-84EA-D359F68C0975}.Release|x64.ActiveCfg = Release|x64
		{F8FFBE0D-A5F6-41D6-84EA-D359F68C0975}.Release|x64.Build.0 = Release|x64
		{F8FFBE0D-A5F6-41D6-84EA-D359F68C0975}.Release|x86.ActiveCfg = Release|Win32
		{F8FFBE0D-A5F6-41D6-84EA-D359F68C0975}.Release|x86.Build.0 = Release|Win32
		{085727F7-4362-41B9-A8CC-09F5F28BE216}.Debug|x64.ActiveCfg = Debug|x64
		{085727F7-4362-41B9-A8CC-09F5F28BE216}.Debug|x64.Build.0 = Debug|x64
		{085727F7-4362-41B9-A8CC-09F5F28BE216}.Debug|x86.ActiveCfg = Debug|Win32
		{085727F7-4362-41B9-A8CC-09F5F28BE216}.Debug|x86.Build.0 = Debug|Win32
		{085727F7-4362-41B9-A8CC-09F5F28BE216}.Release|x64.ActiveCfg = Release|x64
		{085727F7-4362-41B9-A8CC-09F5F28BE216}.Release|x64.Build.0 = Release|x64
		{085727F7-4362-41B9-A8CC-09F5F28BE216}.Release|x86.ActiveCfg = Release|Win32
		{085727F7-4362-41B9-A8CC-09F5F28BE216}.Release|x86.Build.0 = Release|Win32
		{3B59A4D1-BFFE-4E5F-BDC1-6B00C2BC3230}.Debug|x64.ActiveCfg = Debug|x64
		{3B59A4D1-BFFE-4E5F-BDC1-6B00C2BC3230}.Debug|x64.Build.0 = Debug|x64
		{3B59A4D1-BFFE-4E5F-BDC1-6B00C2BC3230}.Debug|x86.ActiveCfg = Debug|Win32
		{3B59A4D1-BFFE-4E5F-BDC1-6B00C2BC3230}.Debug|x86.Build.0 = Debug|Win32
		{3B59A4D1-BFFE-4E5F-BDC1-6B00C2BC3230}.Release|x64.ActiveCfg = Release|x64
		{3B59A4D1-BFFE-4E5F-BDC1-6B00C2BC3230}.Release|x64.Build.0 = Release|x64
		{3B59A4D1-BFFE-4E5F-BDC1-6B00C2BC3230}.Release|x86.ActiveCfg = Release|Win32
		{3B59A4D1-BFFE-4E5F-BDC1-6B00C2BC3230}.Release|x86.Build.0 = Release|Win32
		{A202EFD9-DD16-4F19-9F33-4A76B6C39861}.Debug|x64.ActiveCfg = Debug|x64
		{A202EFD9-DD16-4F19-9F33-4A76B6C39861}.Debug|x64.Build.0 = Debug|x64
		{A202EFD9-DD16-4F19-9F33-4A76B6C39861}.Debug|x86.ActiveCfg = Debug|Win32
		{A202EFD9-DD16-4F19-9F33-4A76B6C39861}.Debug|x86.Build.0 = Debug|Win32
		{A202EFD9-DD16-4F19-9F33-4A76B6C39861}.Release|x64.ActiveCfg = Release|x64
		{A202EFD9-DD16-4F19-9F33-4A76B6C39861}.Release|x64.Build.0 = Release|x64
		{A202EFD9-DD16-4F19-9F33-4A76B6C39861}.Release|x86.ActiveCfg = Release|Win32
		{A202EFD9-DD16-4F19-9F33-4A76B6C39861}.Release|x86.Build.0 = Release|Win32
		{B61D3CC2-F719-4915-9425-D27A1EB221AA}.Debug|x64.ActiveCfg = Debug|x64
		{B61D3CC2-F719-4915-9425-D27A1EB221AA}.Debug|x64.Build.0 = Debug|x64
		{B61D3CC2-F719-4915-9425-D27A1EB221AA}.Debug|x86.ActiveCfg = Debug|Win32
		{B61D3CC2-F719-4915-9425-D27A1EB221AA}.Debug|x86.Build.0 = Debug|Win32
		{B61D3CC2-F719-4915-9425-D27A1EB221AA}.Release|x64.ActiveCfg = Release|x64
		{B61D3CC2-F719-4915-9425-D27A1EB221AA}.Release|x64.Build.0 = Release|x64
		{B61D3CC2-F719-4915-9425-D27A1EB221AA}.Release|x86.ActiveCfg = Release|Win32
		{B61D3CC2-F719-4915-9425-D27A1EB221AA}.Release|x86.Build.0 = Release|Win32
		{8938DA1C-E567-4F1A-918D-0CF77CABE03C}.Debug|x64.ActiveCfg = Debug|x64
		{8938DA1C-E567-4F1A-918D-0CF77CABE03C}.Debug|x64.Build.0 = Debug|x64
		{8938DA1C-E567-4F1A-918D-0CF77CABE03C}.Debug|x86.ActiveCfg = Debug|Win32
		{8938DA1C-E567-4F1A-918D-0CF77CABE03C}.Debug|x86.Build.0 = Debug|Win32
		{8938DA1C-E567-4F1A-918D-0CF77CABE03C}.Release|x64.ActiveCfg = Release|x64
		{8938DA1C-E567-4F1A-918D-0CF77CABE03C}.Release|x64.Build.0 = Release|x64
		{8938DA1C-E567-4F1A-918D-0CF77CABE03C}.Release|x86.ActiveCfg = Release|Win32
		{8938DA1C-E567-4F1A-918D-0CF77CABE03C}.Release|x86.Build.0 = Release|Win32
		{F6A7BCD3-1A3F-430B-B1F4-DE3C6B25AAC4}.Debug|x64.ActiveCfg = Debug|x64
		{F6A7BCD3-1A3F-430B-B1F4-DE3C6B25AAC4}.Debug|x64.Build.0 = Debug|x64
		{F6A7BCD3-1A3F-430B-B1F4-DE3C6B25AAC4}.Debug|x86.ActiveCfg = Debug|Win32
		{F6A7BCD3-1A3F-430B-B1F4-DE3C6B25AAC4}.Debug|x86.Build.0 = Debug|Win32
		{F6A7BCD3-1A3F-430B-B1F4-DE3C6B25AAC4}.Release|x64.ActiveCfg = Release|x64
		{F6A7BCD3-1A3F-430B-B1F4-DE3C6B25AAC4}.Release|x64.Build.0 = Release|x64
		{F6A7BCD3-1A3F-430B-B1F4-DE3C6B25AAC4}.Release|x86.ActiveCfg = Release|Win32
		{F6A7BCD3-1A3F-430B-B1F4-DE3C6B25AAC4}.Release|x86.Build.0 = Release|Win32
		{74D061A1-E279-4ADD-9C61-E517817D58AF}.Debug|x64.ActiveCfg = Debug|x64
		{74D061A1-E279-4ADD-9C61-E517817D58AF}.Debug|x64.Build.0 = Debug|x64
		{74D061A1-E279-4ADD-9C61-E517817D58AF}.Debug|x86.ActiveCfg = Debug|Win32
		{74D061A1-E279-4ADD-9C61-E517817D58AF}.Debug|x86.Build.0 = Debug|Win32
		{74D061A1-E279-4ADD-9C61-E517817D58AF}.Release|x64.ActiveCfg = Release|x64
		{74D061A1-E279-4ADD-9C61-E517817D58AF}.Release|x64.Build.0 = Release|x64
		{74D061A1-E279-4ADD-9C61-E517817D58AF}.Release|x86.ActiveCfg = Release|Win32
		{74D061A1-E279-4ADD-9C61-E517817D58AF}.Release|x86.Build.0 = Release|Win32
		{15F82943-0816-49A8-9F9F-FF08F9F44F7D}.Debug|x64.ActiveCfg = Debug|x64
		{15F82943-0816-49A8-9F9F-FF08F9F44F7D}.Debug|x64.Build.0 = Debug|x64
		{15F82943-0816-49A8-9F9F-FF08F9F44F7D}.Debug|x86.ActiveCfg = Debug|Win32
		{15F82943-0816-49A8-9F9F-FF08F9F44F7D}.Debug|x86.Build.0 = Debug|Win32
		{15F82943-0816-49A8-9F9F-FF08F9F44F7D}.Release|x64.ActiveCfg = Release|x64
		{15F82943-0816-49A8-9F9F-FF08F9F44F7D}.Release|x64.Build.0 = Release|x64
		{15F82943-0816-49A8-9F9F-FF08F9F44F7D}.Release|x86.ActiveCfg = Release|Win32
		{15F82943-0816-49A8-9F9F-FF08F9F44F7D}.Release|x86.Build.0 = Release|Win32
		{C2EF5A8B-870D-4321-89D2-084C07D1E13E}.Debug|x64.ActiveCfg = Debug|x64
		{C2EF5A8B-870D-4321-89D2-084C07D1E13E}.Debug|x64.Build.0 = Debug|x64
		{C2EF5A8B-870D-4321-89D2-084C07D1E13E}.Debug|x86.ActiveCfg = Debug|Win32
		{C2EF5A8B-870D-4321-89D2-084C07D1E13E}.Debug|x86.Build.0 = Debug|Win32
		{C2EF5A8B-870D-4321-89D2-084C07D1E13E}.Release|x64.ActiveCfg = Release|x64
		{C2EF5A8B-870D-4321-89D2-084C07D1E13E}.Release|x64.Build.0 = Release|x64
		{C2EF5A8B-870D-4321-89D2-084C07D1E13E}.Release|x86.ActiveCfg = Release|Win32
		{C2EF5A8B-870D-4321-89D2-084C07D1E13E}.Release|x86.Build.0 = Release|Win32
		{DAA50401-35DC-41B5-938F-4B417C603C3E}.Debug|x64.ActiveCfg = Debug|x64
		{DAA50401-35DC-41B5-938F-4B417C603C3E}.Debug|x64.Build.0 = Debug|x64
		{DAA50401-35DC-41B5-938F-4B417C603C3E}.Debug|x86.ActiveCfg = Debug|Win32
		{DAA50401-35DC-41B5-938F-4B417C603C3E}.Debug|x86.Build.0 = Debug|Win32
		{DAA50401-35DC-41B5-938F-4B417C603C3E}.Release|x64.ActiveCfg = Release|x64
		{DAA50401-35DC-41B5-938F-4B417C603C3E}.Release|x64.Build.0 = Release|x64
		{DAA50401-35DC-41B5-938F-4B417C603C3E}.Release|x86.ActiveCfg = Release|Win32
		{DAA50401-35DC-41B5-938F-4B417C603C3E}.Release|x86.Build.0 = Release|Win32
		{9314335B-D6F5-479B-8E1A-D00F300FC59D}.Debug|x64.ActiveCfg = Debug|x64
		{9314335B-D6F5-479B-8E1A-D00F300FC59D}.Debug|x64.Build.0 = Debug|x64
		{9314335B-D6F5-479B-8E1A-D00F300FC59D}.Debug|x86.ActiveCfg = Debug|Win32
		{9314335B-D6F5-479B-8E1A-D00F300FC59D}.Debug|x86.Build.0 = Debug|Win32
		{9314335B-D6F5-479B-8E1A-D00F300FC59D}.Release|x64.ActiveCfg = Release|x64
		{9314335B-D6F5-479B-8E1A-D00F300FC59D}.Release|x64.Build.0 = Release|x64
		{9314335B-D6F5-479B-8E1A-D00F300FC59D}.Release|x86.ActiveCfg = Release|Win32
		{9314335B-D6F5-479B-8E1A-D00F300FC59D}.Release|x86.Build.0 = Release|Win32
		{A2E8B109-5463-417F-9541-375A7F0CECB5}.Debug|x64.ActiveCfg = Debug|x64
		{A2E8B109-5463-417F-9541-375A7F0CECB5}.Debug|x64.Build.0 = Debug|x64
		{A2E8B109-5463-417F-9541-375A7F0CECB5}.Debug|x86.ActiveCfg = Debug|Win32
		{A2E8B109-5463-417F-9541-375A7F0CECB5}.Debug|x86.Build.0 = Debug|Win32
		{A2E8B109-5463-417F-9541-375A7F0CECB5}.Release|x64.ActiveCfg = Release|x64
		{A2E8B109-5463-417F-9541-375A7F0CECB5}.Release|x64.Build.0 = Release|x64
		{A2E8B109-5463-417F-9541-375A7F0CECB5}.Release|x86.ActiveCfg = Release|Win32
		{A2E8B109-5463-417F-9541-375A7F0CECB5}.Release|x86.Build.0 = Release|Win32
		{71E0FC1E-EA12-4599-99BF-C8FAEE28D329}.Debug|x64.ActiveCfg = Debug|x64
		{71E0FC1E-EA12-4599-99BF-C8FAEE28D329}.Debug|x64.Build.0 = Debug|x64
		{71E0FC1E-EA12-4599-99BF-C8FAEE28D329}.Debug|x86.ActiveCfg = Debug|Win32
		{71E0FC1E-EA12-4599-99BF-C8FAEE28D329}.Debug|x86.Build.0 = Debug|Win32
		{71E0FC1E-EA12-4599-99BF-C8FAEE28D329}.Release|x64.ActiveCfg = Release|x64
		{71E0FC1E-EA12-4599-99BF-C8FAEE28D329}.Release|x64.Build.0 = Release|x64
		{71E0FC1E-EA12-4599-99BF-C8FAEE28D329}.Release|x86.ActiveCfg = Release|Win32
		{71E0FC1E-EA12-4599-99BF-C8FAEE28D329}.Release|x86.Build.0 = Release|Win32
		{E5434D07-ED1A-48B8-8835-28F8AAE22718}.Debug|x64.ActiveCfg = Debug|x64
		{E5434D07-ED1A-48B8-8835-28F8AAE22718}.Debug|x64.Build.0 = Debug|x64
		{E5434D07-ED1A-48B8-8835-28F8AAE22718}.Debug|x86.ActiveCfg = Debug|Win32
		{E5434D07-ED1A-48B8-8835-28F8AAE22718}.Debug|x86.Build.0 = Debug|Win32
		{E5434D07-ED1A-48B8-8835-28F8AAE22718}.Release|x64.ActiveCfg = Release|x64
		{E5434D07-ED1A-48B8-8835-28F8AAE22718}.Release|x64.Build.0 = Release|x64
		{E5434D07-ED1A-48B8-8835-28F8AAE22718}.Release|x86.ActiveCfg = Release|Win32
		{E5434D07-ED1A-48B8-8835-28F8AAE22718}.Release|x86.Build.0 = Release|Win32
		{CEE1739D-9F2E-4CCB-9F1E-28B3BA105A9E}.Debug|x64.ActiveCfg = Debug|x64
		{CEE1739D-9F2E-4CCB-9F1E-28B3BA105A9E}.Debug|x64.Build.0 = Debug|x64
		{CEE1739D-9F2E-4CCB-9F1E-28B3BA105A9E}.Debug|x86.ActiveCfg = Debug|Win32
		{CEE1739D-9F2E-4CCB-9F1E-28B3BA105A9E}.Debug|x86.Build.0 = Debug|Win32
		{CEE1739D-9F2E-4CCB-9F1E-28B3BA105A9E}.Release|x64.ActiveCfg = Release|x64
		{CEE1739D-9F2E-4CCB-9F1E-28B3BA105A9E}.Release|x64.Build.0 = Release|x64
		{CEE1739D-9F2E-4CCB-9F1E-28B3BA105A9E}.Release|x86.ActiveCfg = Release|Win32
		{CEE1739D-9F2E-4CCB-9F1E-28B3BA105A9E}.Release|x86.Build.0 = Release|Win32
		{A789B7F0-90B5-4707-8A93-5544F713D212}.Debug|x64.ActiveCfg = Debug|x64
		{A789B7F0-90B5-4707-8A93-5544F713D212}.Debug|x64.Build.0 = Debug|x64
		{A789B7F0-90B5-4707-8A93-5544F713D212}.Debug|x86.ActiveCfg = Debug|Win32
		{A789B7F0-90B5-4707-8A93-5544F713D212}.Debug|x86.Build.0 = Debug|Win32
		{A789B7F0-90B5-4707-8A93-5544F713D212}.Release|x64.ActiveCfg = Release|x64
		{A789B7F0-90B5-4707-8A93-5544F713D212}.Release|x64.Build.0 = Release|x64
		{A789B7F0-90B5-4707-8A93-5544F713D212}.Release|x86.ActiveCfg = Release|Win32
		{A789B7F0-90B5-4707-8A93-5544F713D212}.Release|x86.Build.0 = Release|Win32
		{5E4B43C2-A383-4297-A8BD-F22C75C470E7}.Debug|x64.ActiveCfg = Debug|x64
		{5E4B43C2-A383-4297-A8BD-F22C75C470E7}.Debug|x64.Build.0 = Debug|x64
		{5E4B43C2-A383-4297-A8BD-F22C75C470E7}.Debug|x86.ActiveCfg = Debug|Win32
		{5E4B43C2-A383-4297-A8BD-F22C75C470E7}.Debug|x86.Build.0 = Debug|Win32
		{5E4B43C2-A383-4297-A8BD-F22C75C470E7}.Release|x64.ActiveCfg = Release|x64
		{5E4B43C2-A383-4297-A8BD-F22C75C470E7}.Release|x64.Build.0 = Release|x64
		{5E4B43C2-A383-4297-A8BD-F22C75C470E7}.Release|x86.ActiveCfg = Release|Win32
		{5E4B43C2-A383-4297-A8BD-F22C75C470E7}.Release|x86.Build.0 = Release|Win32
		{0B6431E0-078B-4DB3-94F7-EDDEC5785ECA}.Debug|x64.ActiveCfg = Debug|x64
		{0B6431E0-078B-4DB3-94F7-EDDEC5785ECA}.Debug|x64.Build.0 = Debug|x64
		{0B6431E0-078B-4DB3-94F7-EDDEC5785ECA}.Debug|x86.ActiveCfg = Debug|Win32
		{0B6431E0-078B-4DB3-94F7-EDDEC5785ECA}.Debug|x86.Build.0 = Debug|Win32
		{0B6431E0-078B-4DB3-94F7-EDDEC5785ECA}.Release|x64.ActiveCfg = Release|x64
		{0B6431E0-078B-4DB3-94F7-EDDEC5785ECA}.Release|x64.Build.0 = Release|x64
		{0B6431E0-078B-4DB3-94F7-EDDEC5785ECA}.Release|x86.ActiveCfg = Release|Win32
		{0B6431E0-078B-4DB3-94F7-EDDEC5785ECA}.Release|x86.Build.0 = Release|Win32
		{C7B899DF-9ADE-43E4-9C66-C632AC71DA6B}.Debug|x64.ActiveCfg = Debug|x64
		{C7B899DF-9ADE-43E4-9C66-C632AC71DA6B}.Debug|x64.Build.0 = Debug|x64
		{C7B899DF-9ADE-43E4-9C66-C632AC71DA6B}.Debug|x86.ActiveCfg = Debug|Win32
		{C7B899DF-9ADE-43E4-9C66-C632AC71DA6B}.Debug|x86.Build.0 = Debug|Win32
		{C7B899DF-9ADE-43E4-9C66-C632AC71DA6B}.Release|x64.ActiveCfg = Release|x64
		{C7B899DF-9ADE-43E4-9C66-C632AC71DA6B}.Release|x64.Build.0 = Release|x64
		{C7B899DF-9ADE-43E4-9C66-C632AC71DA6B}.Release|x86.ActiveCfg = Release|Win32
		{C7B899DF-9ADE-43E4-9C66-C632AC71DA6B}.Release|x86.Build.0 = Release|Win32
		{DAE82FFE-ECC4-4259-A61A-62B36D4E98E5}.Debug|x64.ActiveCfg = Debug|x64
		{DAE82FFE-ECC4-4259-A61A-62B36D4E98E5}.Debug|x64.Build.0 = Debug|x64
		{DAE82FFE-ECC4-4259-A61A-62B36D4E98E5}.Debug|x86.ActiveCfg = Debug|Win32
		{DAE82FFE-ECC4-4259-A61A-62B36D4E98E5}.Debug|x86.Build.0 = Debug|Win32
		{DAE82FFE-ECC4-4259-A61A-62B36D4E98E5}.Release|x64.ActiveCfg = Release|x64
		{DAE82FFE-ECC4-4259-A61A-62B36D4E98E5}.Release|x64.Build.0 = Release|x64
		{DAE82FFE-ECC4-4259-A61A-62B36D4E98E5}.Release|x86.ActiveCfg = Release|Win32
		{DAE82FFE-ECC4-4259-A61A-62B36D4E98E5}.Release|x86.Build.0 = Release|Win32
		{506EBAAF-B4D8-4F86-93E6-40788F09DEA4}.Debug|x64.ActiveCfg = Debug|x64
		{506EBAAF-B4D8-4F86-93E6-40788F09DEA4}.Debug|x64.Build.0 = Debug|x64
		{506EBAAF-B4D8-4F86-93E6-40788F09DEA4}.Debug|x86.ActiveCfg = Debug|Win32
		{506EBAAF-B4D8-4F86-93E6-40788F09DEA4}.Debug|x86.Build.0 = Debug|Win32
		{506EBAAF-B4D8-4F86-93E6-40788F09DEA4}.Release|x64.ActiveCfg = Release|x64
		{506EBAAF-B4D8-4F86-93E6-40788F09DEA4}.Release|x64.Build.0 = Release|x64
		{506EBAAF-B4D8-4F86-93E6-40788F09DEA4}.Release|x86.ActiveCfg = Release|Win32
		{506EBAAF-B4D8-4F86-93E6-40788F09DEA4}.Release|x86.Build.0 = Release|Win32
		{90DFCCDE-2978-4B81-A30B-5A19BBABE368}.Debug|x64.ActiveCfg = Debug|x64
		{90DFCCDE-2978-4B81-A30B-5A19BBABE368}.Debug|x64.Build.0 = Debug|x64
		{90DFCCDE-2978-4B81-A30B-5A19BBABE368}.Debug|x86.ActiveCfg = Debug|Win32
		{90DFCCDE-2978-4B81-A30B-5A19BBABE368}.Debug|x86.Build.0 = Debug|Win32
		{90DFCCDE-2978-4B81-A30B-5A19BBABE368}.Release|x64.ActiveCfg = Release|x64
		{90DFCCDE-2978-4B81-A30B-5A19BBABE368}.Release|x64.Build.0 = Release|x64
		{90DFCCDE-2978-4B81-A30B-5A19BBABE368}.Release|x86.ActiveCfg = Release|Win32
		{90DFCCDE-2978-4B81-A30B-5A19BBABE368}.Release|x86.Build.0 = Release|Win32
		{AC22AD67-D8B6-447A-B6B8-3A4E1B2664ED}.Debug|x64.ActiveCfg = Debug|x64
		{AC22AD67-D8B6-447A-B6B8-3A4E1B2664ED}.Debug|x64.Build.0 = Debug|x64
		{AC22AD67-D8B6-447A-B6B8-3A4E1B2664ED}.Debug|x86.ActiveCfg = Debug|Win32
		{AC22AD67-D8B6-447A-B6B8-3A4E1B2664ED}.Debug|x86.Build.0 = Debug|Win32
		{AC22AD67-D8B6-447A-B6B8-3A4E1B2664ED}.Release|x64.ActiveCfg = Release|x64
		{AC22AD67-D8B6-447A-B6B8-3A4E1B2664ED}.Release|x64.Build.0 = Release|x64
		{AC22AD67-D8B6-447A-B6B8-3A4E1B2664ED}.Release|x86.ActiveCfg = Release|Win32
		{AC22AD67-D8B6-447A-B6B8-3A4E1B2664ED}.Release|x86.Build.0 = Release|Win32
		{C326AD7F-45B6-4220-B631-7438CAB4D582}.Debug|x64.ActiveCfg = Debug|x64
		{C326AD7F-45B6-4220-B631-7438CAB4D582}.Debug|x64.Build.0 = Debug|x64
		{C326AD7F-45B6-4220-B631-7438CAB4D582}.Debug|x86.ActiveCfg = Debug|Win32
		{C326AD7F-45B6-4220-B631-7438CAB4D582}.Debug|x86.Build.0 = Debug|Win32
		{C326AD7F-45B6-4220-B631-7438CAB4D582}.Release|x64.ActiveCfg = Release|x64
		{C326AD7F-45B6-4220-B631-7438CAB4D582}.Release|x64.Build.0 = Release|x64
		{C326AD7F-45B6-4220-B631-7438CAB4D582}.Release|x86.ActiveCfg = Release|Win32
		{C326AD7F-45B6-4220-B631-7438CAB4D582}.Release|x86.Build.0 = Release|Win32
		{AC08B5C1-B753-40FF-AB7F-A3BE7591A969}.Debug|x64.ActiveCfg = Debug|x64
		{AC08B5C1-B753-40FF-AB7F-A3BE7591A969}.Debug|x64.Build.0 = Debug|x64
		{AC08B5C1-B753-40FF-AB7F-A3BE7591A969}.Debug|x86.ActiveCfg = Debug|Win32
		{AC08B5C1-B753-40FF-AB7F-A3BE7591A969}.Debug|x86.Build.0 = Debug|Win32
		{AC08B5C1-B753-40FF-AB7F-A3BE7591A969}.Release|x64.ActiveCfg = Release|x64
		{AC08B5C1-B753-40FF-AB7F-A3BE7591A969}.Release|x64.Build.0 = Release|x64
		{AC08B5C1-B753-40FF-AB7F-A3BE7591A969}.Release|x86.ActiveCfg = Release|Win32
		{AC08B5C1-B753-40FF-AB7F-A3BE7591A969}.Release|x86.Build.0 = Release|Win32
		{6F96FC23-F55E-44DA-9371-18ABA389C199}.Debug|x64.ActiveCfg = Debug|x64
		{6F96FC23-F55E-44DA-9371-18ABA389C199}.Debug|x64.Build.0 = Debug|x64
		{6F96FC23-F55E-44DA-9371-18ABA389C199}.Debug|x86.ActiveCfg = Debug|Win32
		{6F96FC23-F55E-44DA-9371-18ABA389C199}.Debug|x86.Build.0 = Debug|Win32
		{6F96FC23-F55E-44DA-9371-18ABA389C199}.Release|x64.ActiveCfg = Release|x64
		{6F96FC23-F55E-44DA-9371-18ABA389C199}.Release|x64.Build.0 = Release|x64
		{6F96FC23-F55E-44DA-9371-18ABA389C199}.Release|x86.ActiveCfg = Release|Win32
		{6F96FC23-F55E-44DA-9371-18ABA389C199}.Release|x86.Build.0 = Release|Win32
		{ED0C05D8-51D3-44C8-A2CE-DEA55C95EB8D}.Debug|x64.ActiveCfg = Debug|x64
		{ED0C05D8-51D3-44C8-A2CE-DEA55C95EB8D}.Debug|x64.Build.0 = Debug|x64
		{ED0C05D8-51D3-44C8-A2CE-DEA55C95EB8D}.Debug|x86.ActiveCfg = Debug|Win32
		{ED0C05D8-51D3-44C8-A2CE-DEA55C95EB8D}.Debug|x86.Build.0 = Debug|Win32
		{ED0C05D8-51D3-44C8-A2CE-DEA55C95EB8D}.Release|x64.ActiveCfg = Release|x64
		{ED0C05D8-51D3-44C8-A2CE-DEA55C95EB8D}.Release|x64.Build.0 = Release|x64
		{ED0C05D8-51D3-44C8-A2CE-DEA55C95EB8D}.Release|x86.ActiveCfg = Release|Win32
		{ED0C05D8-51D3-44C8-A2CE-DEA55C95EB8D}.Release|x86.Build.0 = Release|Win32
		{72235FA2-C4F4-4288-8E80-1E58C3FD2C78}.Debug|x64.ActiveCfg = Debug|x64
		{72235FA2-C4F4-4288-8E80-1E58C3FD2C78}.Debug|x64.Build.0 = Debug|x64
		{72235FA2-C4F4-4288-8E80-1E58C3FD2C78}.Debug|x86.ActiveCfg = Debug|Win32
		{72235FA2-C4F4-4288-8E80-1E58C3FD2C78}.Debug|x86.Build.0 = Debug|Win32
		{72235FA2-C4F4-4288-8E80-1E58C3FD2C78}.Release|x64.ActiveCfg = Release|x64
		{72235FA2-C4F4-4288-8E80-1E58C3FD2C78}.Release|x64.Build.0 = Release|x64
		{72235FA2-C4F4-4288-8E80-1E58C3FD2C78}.Release|x86.ActiveCfg = Release|Win32
		{72235FA2-C4F4-4288-8E80-1E58C3FD2C78}.Release|x86.Build.0 = Release|Win32
		{161BE54A-B256-4A97-B18F-8B247B6AF8A2}.Debug|x64.ActiveCfg = Debug|x64
		{161BE54A-B256-4A97-B18F-8B247B6AF8A2}.Debug|x64.Build.0 = Debug|x64
		{161BE54A-B256-4A97-B18F-8B247B6AF8A2}.Debug|x86.ActiveCfg = Debug|Win32
		{161BE54A-B256-4A97-B18F-8B247B6AF8A2}.Debug|x86.Build.0 = Debug|Win32
		{161BE54A-B256-4A97-B18F-8B247B6AF8A2}.Release|x64.ActiveCfg = Release|x64
		{161BE54A-B256-4A97-B18F-8B247B6AF8A2}.Release|x64.Build.0 = Release|x64
		{161BE54A-B256-4A97-B18F-8B247B6AF8A2}.Release|x86.ActiveCfg = Release|Win32
		{161BE54A-B256-4A97-B18F-8B247B6AF8A2}.Release|x86.Build.0 = Release|Win32
		{F43F38C9-1738-4C5B-87BE-ED03193D86AF}.Debug|x64.ActiveCfg = Debug|x64
		{F43F38C9-1738-4C5B-87BE-ED03193D86AF}.Debug|x64.Build.0 = Debug|x64
		{F43F38C9-1738-4C5B-87BE-ED03193D86AF}.Debug|x86.ActiveCfg = Debug|Win32
		{F43F38C9-1738-4C5B-87BE-ED03193D86AF}.Debug|x86.Build.0 = Debug|Win32
		{F43F38C9-1738-4C5B-87BE-ED03193D86AF}.Release|x64.ActiveCfg = Release|x64
		{F43F38C9-1738-4C5B-87BE-ED03193D86AF}.Release|x64.Build.0 = Release|x64
		{F43F38C9-1738-4C5B-87BE-ED03193D86AF}.Release|x86.ActiveCfg = Release|Win32
		{F43F38C9-1738-4C5B-87BE-ED03193D86AF}.Release|x86.Build.0 = Release|Win32
		{2686864E-C083-4766-9F4F-EFD39C7BC2D4}.Debug|x64.ActiveCfg = Debug|x64
		{2686864E-C083-4766-9F4F-EFD39C7BC2D4}.Debug|x64.Build.0 = Debug|x64
		{2686864E-C083-4766-9F4F-EFD39C7BC2D4}.Debug|x86.ActiveCfg = Debug|Win32
		{2686864E-C083-4766-9F4F-EFD39C7BC2D4}.Debug|x86.Build.0 = Debug|Win32
		{2686864E-C083-4766-9F4F-EFD39C7BC2D4}.Release|x64.ActiveCfg = Release|x64
		{2686864E-C083-4766-9F4F-EFD39C7BC2D4}.Release|x64.Build.0 = Release|x64
		{2686864E-C083-4766-9F4F-EFD39C7BC2D4}.Release|x86.ActiveCfg = Release|Win32
		{2686864E-C083-4766-9F4F-EFD39C7BC2D4}.Release|x86.Build.0 = Release|Win32
		{990617E1-DEDE-45C1-86F5-19D3C1BE015F}.Debug|x64.ActiveCfg = Debug|x64
		{990617E1-DEDE-45C1-86F5-19D3C1BE015F}.Debug|x64.Build.0 = Debug|x64
		{990617E1-DEDE-45C1-86F5-19D3C1BE015F}.Debug|x86.ActiveCfg = Debug|Win32
		{990617E1-DEDE-45C1-86F5-19D3C1BE015F}.Debug|x86.Build.0 = Debug|Win32
		{990617E1-DEDE-45C1-86F5-19D3C1BE015F}.Release|x64.ActiveCfg = Release|x64
		{990617E1-DEDE-45C1-86F5-19D3C1BE015F}.Release|x64.Build.0 = Release|x64
		{990617E1-DEDE-45C1-86F5-19D3C1BE015F}.Release|x86.ActiveCfg = Release|Win32
		{990617E1-DEDE-45C1-86F5-19D3C1BE015F}.Release|x86.Build.0 = Release|Win32
		{BA310E22-80B7-4887-8233-A0C62F6D5390}.Debug|x64.ActiveCfg = Debug|x64
		{BA310E22-80B7-4887-8233-A0C62F6D5390}.Debug|x64.Build.0 = Debug|x64
		{BA310E22-80B7-4887-8233-A0C62F6D5390}.Debug|x86.ActiveCfg = Debug|Win32
		{BA310E22-80B7-4887-8233-A0C62F6D5390}.Debug|x86.Build.0 = Debug|Win32
		{BA310E22-80B7-4887-8233-A0C62F6D5390}.Release|x64.ActiveCfg = Release|x64
		{BA310E22-80B7-4887-8233-A0C62F6D5390}.Release|x64.Build.0 = Release|x64
		{BA310E22-80B7-4887-8233-A0C62F6D5390}.Release|x86.ActiveCfg = Release|Win32
		{BA310E22-80B7-4887-8233-A0C62F6D5390}.Release|x86.Build.0 = Release|Win32
		{3E047413-CF0D-449E-A212-1F3D8D74B820}.Debug|x64.ActiveCfg = Debug|x64
		{3E047413-CF0D-449E-A212-1F3D8D74B820}.Debug|x64.Build.0 = Debug|x64
		{3E047413-CF0D-449E-A212-1F3D8D74B820}.Debug|x86.ActiveCfg = Debug|Win32
		{3E047413-CF0D-449E-A212-1F3D8D74B820}.Debug|x86.Build.0 = Debug|Win32
		{3E047413-CF0D-449E-A212-1F3D8D74B820}.Release|x64.ActiveCfg = Release|x64
		{3E047413-CF0D-449E-A212-1F3D8D74B820}.Release|x64.Build.0 = Release|x64
		{3E047413-CF0D-449E-A212-1F3D8D74B820}.Release|x86.ActiveCfg = Release|Win32
		{3E047413-CF0D-449E-A212-1F3D8D74B820}.Release|x86.Build.0 = Release|Win32
		{80596AB7-6E43-454E-9615-85C7D2E3903B}.Debug|x64.ActiveCfg = Debug|x64
		{80596AB7-6E43-454E-9615-85C7D2E3903B}.Debug|x64.Build.0 = Debug|x64
		{80596AB7-6E43-454E-9615-85C7D2E3903B}.Debug|x86.ActiveCfg = Debug|Win32
		{80596AB7-6E43-454E-9615-85C7D2E3903B}.Debug|x86.Build.0 = Debug|Win32
		{80596AB7-6E43-454E-9615-85C7D2E3903B}.Release|x64.ActiveCfg = Release|x64
		{80596AB7-6E43-454E-9615-85C7D2E3903B}.Release|x64.Build.0 = Release|x64
		{80596AB7-6E43-454E-9615-85C7D2E3903B}.Release|x86.ActiveCfg = Release|Win32
		{80596AB7-6E43-454E-9615-85C7D2E3903B}.Release|x86.Build.0 = Release|Win32
		{7583FC6C-E801-49CF-AEC2-DA815BA829B7}.Debug|x64.ActiveCfg = Debug|x64
		{7583FC6C-E801-49CF-AEC2-DA815BA829B7}.Debug|x64.Build.0 = Debug|x64
		{7583FC6C-E801-49CF-AEC2-DA815BA829B7}.Debug|x86.ActiveCfg = Debug|Win32
		{7583FC6C-E801-49CF-AEC2-DA815BA829B7}.Debug|x86.Build.0 = Debug|Win32
		{7583FC6C-E801-49CF-AEC2-DA815BA829B7}.Release|x64.ActiveCfg = Release|x64
		{7583FC6C-E801-49CF-AEC2-DA815BA829B7}.Release|x64.Build.0 = Release|x64
		{7583FC6C-E801-49CF-AEC2-DA815BA829B7}.Release|x86.ActiveCfg = Release|Win32
		{7583FC6C-E801-49CF-AEC2-DA815BA829B7}.Release|x86.Build.0 = Release|Win32
		{0B6A3BC6-14FB-4742-AFD3-CE8E0EAA9C7D}.Debug|x64.ActiveCfg = Debug|x64
		{0B6A3BC6-14FB-4742-AFD3-CE8E0EAA9C7D}.Debug|x64.Build.0 = Debug|x64
		{0B6A3BC6-14FB-4742-AFD3-CE8E0EAA9C7D}.Debug|x86.ActiveCfg = Debug|Win32
		{0B6A3BC6-14FB-4742-AFD3-CE8E0EAA9C7D}.Debug|x86.Build.0 = Debug|Win32
		{0B6A3BC6-14FB-4742-AFD3-CE8E0EAA9C7D}.Release|x64.ActiveCfg = Release|x64
		{0B6A3BC6-14FB-4742-AFD3-CE8E0EAA9C7D}.Release|x64.Build.0 = Release|x64
		{0B6A3BC6-14FB-4742-AFD3-CE8E0EAA9C7D}.Release|x86.ActiveCfg = Release|Win32
		{0B6A3BC6-14FB-4742-AFD3-CE8E0EAA9C7D}.Release|x86.Build.0 = Release|Win32
		{8E4449C2-6DDC-4ADB-82AD-CA90CE03DEB8}.Debug|x64.ActiveCfg = Debug|x64
		{8E4449C2-6DDC-4ADB-82AD-CA90CE03DEB8}.Debug|x64.Build.0 = Debug|x64
		{8E4449C2-6DDC-4ADB-82AD-CA90CE03DEB8}.Debug|x86.ActiveCfg = Debug|Win32
		{8E4449C2-6DDC-4ADB-82AD-CA90CE03DEB8}.Debug|x86.Build.0 = Debug|Win32
		{8E4449C2-6DDC-4ADB-82AD-CA90CE03DEB8}.Release|x64.ActiveCfg = Release|x64
		{8E4449C2-6DDC-4ADB-82AD-CA90CE03DEB8}.Release|x64.Build.0 = Release|x64
		{8E4449C2-6DDC-4ADB-82AD-CA90CE03DEB8}.Release|x86.ActiveCfg = Release|Win32
		{8E4449C2-6DDC-4ADB-82AD-CA90CE03DEB8}.Release|x86.Build.0 = Release|Win32
		{C738610D-2DD3-42E6-A146-FB91B88C30E6}.Debug|x64.ActiveCfg = Debug|x64
		{C738610D-2DD3-42E6-A146-FB91B88C30E6}.Debug|x64.Build.0 = Debug|x64
		{C738610D-2DD3-42E6-A146-FB91B88C30E6}.Debug|x86.ActiveCfg = Debug|Win32
		{C738610D-2DD3-42E6-A146-FB91B88C30E6}.Debug|x86.Build.0 = Debug|Win32
		{C738610D-2DD3-42E6-A146-FB91B88C30E6}.Release|x64.ActiveCfg = Release|x64
		{C738610D-2DD3-42E6-A146-FB91B88C30E6}.Release|x64.Build.0 = Release|x64
		{C738610D-2DD3-42E6-A146-FB91B88C30E6}.Release|x86.ActiveCfg = Release|Win32
		{C738610D-2DD3-42E6-A146-FB91B88C30E6}.Release|x86.Build.0 = Release|Win32
		{F3ED0CB6-A4F8-4525-A9C6-4C522A0362C1}.Debug|x64.ActiveCfg = Debug|x64
		{F3ED0CB6-A4F8-4525-A9C6-4C522A0362C1}.Debug|x64.Build.0 = Debug|x64
		{F3ED0CB6-A4F8-4525-A9C6-4C522A0362C1}.Debug|x86.ActiveCfg = Debug|Win32
		{F3ED0CB6-A4F8-4525-A9C6-4C522A0362C1}.Debug|x86.Build.0 = Debug|Win32
		{F3ED0CB6-A4F8-4525-A9C6-4C522A0362C1}.Release|x64.ActiveCfg = Release|x64
		{F3ED0CB6-A4F8-4525-A9C6-4C522A0362C1}.Release|x64.Build.0 = Release|x64
		{F3ED0CB6-A4F8-4525-A9C6-4C522A0362C1}.Release|x86.ActiveCfg = Release|Win32
		{F3ED0CB6-A4F8-4525-A9C6-4C522A0362C1}.Release|x86.Build.0 = Release|Win32
		{57F16578-8114-4892-9DCE-870095F9084C}.Debug|x64.ActiveCfg = Debug|x64
		{57F16578-8114-4892-9DCE-870095F9084C}.Debug|x64.Build.0 = Debug|x64
		{57F16578-8114-4892-9DCE-870095F9084C}.Debug|x86.ActiveCfg = Debug|Win32
		{57F16578-8114-4892-9DCE-870095F9084C}.Debug|x86.Build.0 = Debug|Win32
		{57F16578-8114-4892-9DCE-870095F9084C}.Release|x64.ActiveCfg = Release|x64
		{57F16578-8114-4892-9DCE-870095F9084C}.Release|x64.Build.0 = Release|x64
		{57F16578-8114-4892-9DCE-870095F9084C}.Release|x86.ActiveCfg = Release|Win32
		{57F16578-8114-4892-9DCE-870095F9084C}.Release|x86.Build.0 = Release|Win32
		{C9166CE9-CA06-4EF4-A3C5-B59E0C10BCD5}.Debug|x64.ActiveCfg = Debug|x64
		{C9166CE9-CA06-4EF4-A3C5-B59E0C10BCD5}.Debug|x64.Build.0 = Debug|x64
		{C9166CE9-CA06-4EF4-A3C5-B59E0C10BCD5}.Debug|x86.ActiveCfg = Debug|Win32
		{C9166CE9-CA06-4EF4-A3C5-B59E0C10BCD5}.Debug|x86.Build.0 = Debug|Win32
		{C9166CE9-CA06-4EF4-A3C5-B59E0C10BCD5}.Release|x64.ActiveCfg = Release|x64
		{C9166CE9-CA06-4EF4-A3C5-B59E0C10BCD5}.Release|x64.Build.0 = Release|x64
		{C9166CE9-CA06-4EF4-A3C5-B59E0C10BCD5}.Release|x86.ActiveCfg = Release|Win32
		{C9166CE9-CA06-4EF4-A3C5-B59E0C10BCD5}.Release|x86.Build.0 = Release|Win32
		{4E198AF1-148D-4B99-B1F9-CD8F9D116AE1}.Debug|x64.ActiveCfg = Debug|x64
		{4E198AF1-148D-4B99-B1F9-CD8F9D116AE1}.Debug|x64.Build.0 = Debug|x64
		{4E198AF1-148D-4B99-B1F9-CD8F9D116AE1}.Debug|x86.ActiveCfg = Debug|Win32
		{4E198AF1-148D-4B99-B1F9-CD8F9D116AE1}.Debug|x86.Build.0 = Debug|Win32
		{4E198AF1-148D-4B99-B1F9-CD8F9D116AE1}.Release|x64.ActiveCfg = Release|x64
		{4E198AF1-148D-4B99-B1F9-CD8F9D116AE1}.Release|x64.Build.0 = Release|x64
		{4E198AF1-148D-4B99-B1F9-CD8F9D116AE1}.Release|x86.ActiveCfg = Release|Win32
		{4E198AF1-148D-4B99-B1F9-CD8F9D116AE1}.Release|x86.Build.0 = Release|Win32
		{0FFDD038-BA9A-4E59-B3F1-F401A6407517}.Debug|x64.ActiveCfg = Debug|x64
		{0FFDD038-BA9A-4E59-B3F1-F401A6407517}.Debug|x64.Build.0 = Debug|x64
		{0FFDD038-BA9A-4E59-B3F1-F401A6407517}.Debug|x86.ActiveCfg = Debug|Win32
		{0FFDD038-BA9A-4E59-B3F1-F401A6407517}.Debug|x86.Build.0 = Debug|Win32
		{0FFDD038-BA9A-4E59-B3F1-F401A6407517}.Release|x64.ActiveCfg = Release|x64
		{0FFDD038-BA9A-4E59-B3F1-F401A6407517}.Release|x64.Build.0 = Release|x64
		{0FFDD038-BA9A-4E59-B3F1-F401A6407517}.Release|x86.ActiveCfg = Release|Win32
		{0FFDD038-BA9A-4E59-B3F1-F401A6407517}.Release|x86.Build.0 = Release|Win32
		{67DE7FF9-65A0-472C-8BC3-028E5178846B}.Debug|x64.ActiveCfg = Debug|x64
		{67DE7FF9-65A0-472C-8BC3-028E5178846B}.Debug|x64.Build.0 = Debug|x64
		{67DE7FF9-65A0-472C-8BC3-028E5178846B}.Debug|x86.ActiveCfg = Debug|Win32
		{67DE7FF9-65A0-472C-8BC3-028E5178846B}.Debug|x86.Build.0 = Debug|Win32
		{67DE7FF9-65A0-472C-8BC3-028E5178846B}.Release|x64.ActiveCfg = Release|x64
		{67DE7FF9-65A0-472C-8BC3-028E5178846B}.Release|x64.Build.0 = Release|x64
		{67DE7FF9-65A0-472C-8BC3-028E5178846B}.Release|x86.ActiveCfg = Release|Win32
		{67DE7FF9-65A0-472C-8BC3-028E5178846B}.Release|x86.Build.0 = Release|Win32
	EndGlobalSection
	GlobalSection(SolutionProperties) = preSolution
		HideSolutionNode = FALSE
	EndGlobalSection
	GlobalSection(NestedProjects) = preSolution
		{D97EA62D-D7AD-43B7-98B9-0DFFC578D61B} = {EF7CBFE9-0404-4D0E-9901-1D11E97D3754}
		{03EB3E34-BC51-453C-9E21-18C0CCD5FF8F} = {EF7CBFE9-0404-4D0E-9901-1D11E97D3754}
		{9F450643-84CD-41B1-A16F-D285C263AC6E} = {EF7CBFE9-0404-4D0E-9901-1D11E97D3754}
		{0B3B510E-1C32-4029-987B-63FE5CBA52C5} = {EF7CBFE9-0404-4D0E-9901-1D11E97D3754}
		{E4D8420C-B8F7-46B1-8F5D-559CB38C92D4} = {EF7CBFE9-0404-4D0E-9901-1D11E97D3754}
		{A7053B87-6D4B-4ECB-B751-011F3EF3915D} = {EF7CBFE9-0404-4D0E-9901-1D11E97D3754}
		{365AE6F7-7AC9-46C9-835E-7EB690CAF673} = {EF7CBFE9-0404-4D0E-9901-1D11E97D3754}
		{D175EB7A-EF0D-4C36-A474-A575ACD8300E} = {EF7CBFE9-0404-4D0E-9901-1D11E97D3754}
		{11AD4246-46CF-42A4-AB3D-CD31CEC186B8} = {EF7CBFE9-0404-4D0E-9901-1D11E97D3754}
		{6898C39D-BF15-4B39-97BA-94D9EA509349} = {EF7CBFE9-0404-4D0E-9901-1D11E97D3754}
		{93214202-E548-4412-966F-A2137156467F} = {EF7CBFE9-0404-4D0E-9901-1D11E97D3754}
		{931D5B62-C5AB-4B67-BEB9-B4BAB38DD9A4} = {EF7CBFE9-0404-4D0E-9901-1D11E97D3754}
		{CB2EE3DD-0306-44E5-9B2A-C6D7AA4B9657} = {66ACBC9D-AA9E-41C5-901D-5D81E4EC48B8}
		{A2C71A54-5617-4353-9BF4-F8C758666F29} = {66ACBC9D-AA9E-41C5-901D-5D81E4EC48B8}
		{DD7B1D95-8988-4D95-8032-39A33BACBB92} = {66ACBC9D-AA9E-41C5-901D-5D81E4EC48B8}
		{8DC41ABC-5CEA-4FAE-B9FA-356D1133421F} = {66ACBC9D-AA9E-41C5-901D-5D81E4EC48B8}
		{F8BBBB9C-A705-4DE3-B850-1E8D2C9464E7} = {66ACBC9D-AA9E-41C5-901D-5D81E4EC48B8}
		{2400CCB9-8F31-4A0B-A099-7C7499B1098C} = {66ACBC9D-AA9E-41C5-901D-5D81E4EC48B8}
		{CB266D08-2C6A-4C4C-9BC0-70CA316F6579} = {66ACBC9D-AA9E-41C5-901D-5D81E4EC48B8}
		{325805E7-FC67-4EBD-9FD0-B94C0E7CF2AC} = {66ACBC9D-AA9E-41C5-901D-5D81E4EC48B8}
		{7B40C7A5-AB0A-4267-91A5-A8C0CE3A73FD} = {66ACBC9D-AA9E-41C5-901D-5D81E4EC48B8}
		{5EACEE59-9A91-4539-BA5F-37E7B51C33CD} = {66ACBC9D-AA9E-41C5-901D-5D81E4EC48B8}
		{65A844BB-66C2-4EBF-892C-CADECD9E39BF} = {66ACBC9D-AA9E-41C5-901D-5D81E4EC48B8}
		{9F0A9221-BA8C-427C-B468-C2B1429159F2} = {66ACBC9D-AA9E-41C5-901D-5D81E4EC48B8}
		{4F6F13F1-9503-4D6E-88C1-31894ED1979D} = {D02E5D25-B5FD-444E-BBAE-C0CF35E2BE5D}
		{9BA41839-E974-47E0-9AE2-787BCEF3C67B} = {D02E5D25-B5FD-444E-BBAE-C0CF35E2BE5D}
		{C2153C4A-EDA1-44FA-B45A-86C17556EA54} = {D02E5D25-B5FD-444E-BBAE-C0CF35E2BE5D}
		{A5347F19-6EC4-46E9-BEF6-8E85DAEA12E5} = {D02E5D25-B5FD-444E-BBAE-C0CF35E2BE5D}
		{F21157B6-E6DD-4A5B-B47F-B2AF147ADEC9} = {D02E5D25-B5FD-444E-BBAE-C0CF35E2BE5D}
		{29C2080A-B177-47A2-A7C1-535A75A5ABA8} = {D02E5D25-B5FD-444E-BBAE-C0CF35E2BE5D}
		{2E8E7BEB-F862-4C06-B225-DA220837197B} = {D02E5D25-B5FD-444E-BBAE-C0CF35E2BE5D}
		{F6AFC8E1-627F-49BB-BBA8-0C1950ACBCF8} = {D02E5D25-B5FD-444E-BBAE-C0CF35E2BE5D}
		{EC8BE58D-4520-42D2-97B5-6EF6004CDDF5} = {D02E5D25-B5FD-444E-BBAE-C0CF35E2BE5D}
		{8CFC8AE4-6963-40F8-995A-571342F497AE} = {D02E5D25-B5FD-444E-BBAE-C0CF35E2BE5D}
		{380CEAF3-AD80-4998-92BD-D788B97349D7} = {D02E5D25-B5FD-444E-BBAE-C0CF35E2BE5D}
		{1196538D-86AA-4EEF-8EB9-3E74EC88878E} = {D02E5D25-B5FD-444E-BBAE-C0CF35E2BE5D}
		{D9F013A4-5BB6-408F-BBF0-8DACE44A6229} = {D02E5D25-B5FD-444E-BBAE-C0CF35E2BE5D}
		{179BD261-C622-4121-839B-551BF7B3F399} = {D02E5D25-B5FD-444E-BBAE-C0CF35E2BE5D}
		{B8A1322D-223A-45B2-B709-F4CB8D56C484} = {D02E5D25-B5FD-444E-BBAE-C0CF35E2BE5D}
		{A70D2BF9-8A69-4B46-90B3-53B9142CC179} = {070D4C2C-328A-4540-A81F-DC1216CB9B0C}
		{CECA3B31-C153-4E72-8BEA-79CBD8EDD1FC} = {070D4C2C-328A-4540-A81F-DC1216CB9B0C}
		{05E04AC3-A864-442A-ACAE-2A171FF389FC} = {070D4C2C-328A-4540-A81F-DC1216CB9B0C}
		{635DA6C1-65D6-4875-BB98-C8E6875DCAC2} = {070D4C2C-328A-4540-A81F-DC1216CB9B0C}
		{58C0FF7B-12F4-43BF-9EF9-63093E675920} = {070D4C2C-328A-4540-A81F-DC1216CB9B0C}
		{7856624F-E1F3-4526-9778-8399664B0A21} = {070D4C2C-328A-4540-A81F-DC1216CB9B0C}
		{2D760EB3-B956-48AF-BCF2-7DA5F2CCD1C2} = {070D4C2C-328A-4540-A81F-DC1216CB9B0C}
		{47BB6A72-EC87-4273-B09F-6C67D5FFFD27} = {070D4C2C-328A-4540-A81F-DC1216CB9B0C}
		{48B595CD-C644-415B-AE95-AFF60AD75166} = {070D4C2C-328A-4540-A81F-DC1216CB9B0C}
		{63916A2D-0E39-4B73-BE96-BA9BF4CBC3E8} = {070D4C2C-328A-4540-A81F-DC1216CB9B0C}
		{607CB092-6D75-4F23-9467-DFC955242424} = {070D4C2C-328A-4540-A81F-DC1216CB9B0C}
		{B96AF1FE-949A-4B6F-BF92-B97997BC0292} = {070D4C2C-328A-4540-A81F-DC1216CB9B0C}
		{BFDA763F-2A11-49FD-AECC-22E6C35F267C} = {99A7833A-DC6A-404F-8D39-EE0AC6D89429}
		{3CF0F007-1BF2-4B87-9499-30B69D2713A8} = {99A7833A-DC6A-404F-8D39-EE0AC6D89429}
		{0C564EAC-6CC5-4A31-9D0B-5EF4EF03B2B1} = {99A7833A-DC6A-404F-8D39-EE0AC6D89429}
		{F8FFBE0D-A5F6-41D6-84EA-D359F68C0975} = {99A7833A-DC6A-404F-8D39-EE0AC6D89429}
		{085727F7-4362-41B9-A8CC-09F5F28BE216} = {99A7833A-DC6A-404F-8D39-EE0AC6D89429}
		{3B59A4D1-BFFE-4E5F-BDC1-6B00C2BC3230} = {99A7833A-DC6A-404F-8D39-EE0AC6D89429}
		{A202EFD9-DD16-4F19-9F33-4A76B6C39861} = {99A7833A-DC6A-404F-8D39-EE0AC6D89429}
		{B61D3CC2-F719-4915-9425-D27A1EB221AA} = {99A7833A-DC6A-404F-8D39-EE0AC6D89429}
		{8938DA1C-E567-4F1A-918D-0CF77CABE03C} = {99A7833A-DC6A-404F-8D39-EE0AC6D89429}
		{F6A7BCD3-1A3F-430B-B1F4-DE3C6B25AAC4} = {99A7833A-DC6A-404F-8D39-EE0AC6D89429}
		{74D061A1-E279-4ADD-9C61-E517817D58AF} = {99A7833A-DC6A-404F-8D39-EE0AC6D89429}
		{15F82943-0816-49A8-9F9F-FF08F9F44F7D} = {99A7833A-DC6A-404F-8D39-EE0AC6D89429}
		{C2EF5A8B-870D-4321-89D2-084C07D1E13E} = {99A7833A-DC6A-404F-8D39-EE0AC6D89429}
		{DAA50401-35DC-41B5-938F-4B417C603C3E} = {03D2C3E0-C0F2-434E-98A6-9D531C5AE5AA}
		{9314335B-D6F5-479B-8E1A-D00F300FC59D} = {03D2C3E0-C0F2-434E-98A6-9D531C5AE5AA}
		{A2E8B109-5463-417F-9541-375A7F0CECB5} = {03D2C3E0-C0F2-434E-98A6-9D531C5AE5AA}
		{71E0FC1E-EA12-4599-99BF-C8FAEE28D329} = {03D2C3E0-C0F2-434E-98A6-9D531C5AE5AA}
		{E5434D07-ED1A-48B8-8835-28F8AAE22718} = {03D2C3E0-C0F2-434E-98A6-9D531C5AE5AA}
		{CEE1739D-9F2E-4CCB-9F1E-28B3BA105A9E} = {03D2C3E0-C0F2-434E-98A6-9D531C5AE5AA}
		{A789B7F0-90B5-4707-8A93-5544F713D212} = {03D2C3E0-C0F2-434E-98A6-9D531C5AE5AA}
		{5E4B43C2-A383-4297-A8BD-F22C75C470E7} = {03D2C3E0-C0F2-434E-98A6-9D531C5AE5AA}
		{0B6431E0-078B-4DB3-94F7-EDDEC5785ECA} = {03D2C3E0-C0F2-434E-98A6-9D531C5AE5AA}
		{C7B899DF-9ADE-43E4-9C66-C632AC71DA6B} = {03D2C3E0-C0F2-434E-98A6-9D531C5AE5AA}
		{DAE82FFE-ECC4-4259-A61A-62B36D4E98E5} = {03D2C3E0-C0F2-434E-98A6-9D531C5AE5AA}
		{506EBAAF-B4D8-4F86-93E6-40788F09DEA4} = {03D2C3E0-C0F2-434E-98A6-9D531C5AE5AA}
		{90DFCCDE-2978-4B81-A30B-5A19BBABE368} = {03D2C3E0-C0F2-434E-98A6-9D531C5AE5AA}
		{AC22AD67-D8B6-447A-B6B8-3A4E1B2664ED} = {E3B1A986-AF0D-421C-B124-762AE841AB09}
		{C326AD7F-45B6-4220-B631-7438CAB4D582} = {E3B1A986-AF0D-421C-B124-762AE841AB09}
		{AC08B5C1-B753-40FF-AB7F-A3BE7591A969} = {E3B1A986-AF0D-421C-B124-762AE841AB09}
		{6F96FC23-F55E-44DA-9371-18ABA389C199} = {E3B1A986-AF0D-421C-B124-762AE841AB09}
		{ED0C05D8-51D3-44C8-A2CE-DEA55C95EB8D} = {E3B1A986-AF0D-421C-B124-762AE841AB09}
		{72235FA2-C4F4-4288-8E80-1E58C3FD2C78} = {E3B1A986-AF0D-421C-B124-762AE841AB09}
		{161BE54A-B256-4A97-B18F-8B247B6AF8A2} = {E3B1A986-AF0D-421C-B124-762AE841AB09}
		{F43F38C9-1738-4C5B-87BE-ED03193D86AF} = {E3B1A986-AF0D-421C-B124-762AE841AB09}
		{2686864E-C083-4766-9F4F-EFD39C7BC2D4} = {E3B1A986-AF0D-421C-B124-762AE841AB09}
		{990617E1-DEDE-45C1-86F5-19D3C1BE015F} = {E3B1A986-AF0D-421C-B124-762AE841AB09}
		{BA310E22-80B7-4887-8233-A0C62F6D5390} = {E3B1A986-AF0D-421C-B124-762AE841AB09}
		{3E047413-CF0D-449E-A212-1F3D8D74B820} = {E3B1A986-AF0D-421C-B124-762AE841AB09}
		{80596AB7-6E43-454E-9615-85C7D2E3903B} = {C6E53AA4-86A5-4F56-A8B7-E68C66889AD4}
		{7583FC6C-E801-49CF-AEC2-DA815BA829B7} = {C6E53AA4-86A5-4F56-A8B7-E68C66889AD4}
		{0B6A3BC6-14FB-4742-AFD3-CE8E0EAA9C7D} = {C6E53AA4-86A5-4F56-A8B7-E68C66889AD4}
		{8E4449C2-6DDC-4ADB-82AD-CA90CE03DEB8} = {C6E53AA4-86A5-4F56-A8B7-E68C66889AD4}
		{C738610D-2DD3-42E6-A146-FB91B88C30E6} = {C6E53AA4-86A5-4F56-A8B7-E68C66889AD4}
		{F3ED0CB6-A4F8-4525-A9C6-4C522A0362C1} = {C6E53AA4-86A5-4F56-A8B7-E68C66889AD4}
		{57F16578-8114-4892-9DCE-870095F9084C} = {C6E53AA4-86A5-4F56-A8B7-E68C66889AD4}
		{C9166CE9-CA06-4EF4-A3C5-B59E0C10BCD5} = {C6E53AA4-86A5-4F56-A8B7-E68C66889AD4}
		{4E198AF1-148D-4B99-B1F9-CD8F9D116AE1} = {C6E53AA4-86A5-4F56-A8B7-E68C66889AD4}
		{0FFDD038-BA9A-4E59-B3F1-F401A6407517} = {C6E53AA4-86A5-4F56-A8B7-E68C66889AD4}
		{67DE7FF9-65A0-472C-8BC3-028E5178846B} = {C6E53AA4-86A5-4F56-A8B7-E68C66889AD4}
	EndGlobalSection
	GlobalSection(ExtensibilityGlobals) = postSolution
		SolutionGuid = {2A0C1A4F-121A-4604-99AC-324CFC2BF285}
	EndGlobalSection
EndGlobal
