
Microsoft Visual Studio Solution File, Format Version 12.00
# Visual Studio Version 17
VisualStudioVersion = 17.6.33815.320
MinimumVisualStudioVersion = 10.0.40219.1
Project("{8BC9CEB8-8B4A-11D0-8D11-00A0C91BC942}") = "1_02", "Lv1\Lv1.vcxproj", "{D97EA62D-D7AD-43B7-98B9-0DFFC578D61B}"
EndProject
Project("{8BC9CEB8-8B4A-11D0-8D11-00A0C91BC942}") = "1_03", "Lv1_3\Lv1_3.vcxproj", "{03EB3E34-BC51-453C-9E21-18C0CCD5FF8F}"
EndProject
Project("{8BC9CEB8-8B4A-11D0-8D11-00A0C91BC942}") = "1_04", "Lv1_4\Lv1_4.vcxproj", "{9F450643-84CD-41B1-A16F-D285C263AC6E}"
EndProject
Project("{8BC9CEB8-8B4A-11D0-8D11-00A0C91BC942}") = "1-05", "Lv1_5\Lv1_5.vcxproj", "{0B3B510E-1C32-4029-987B-63FE5CBA52C5}"
EndProject
Project("{8BC9CEB8-8B4A-11D0-8D11-00A0C91BC942}") = "1-06", "1-6\1-6.vcxproj", "{E4D8420C-B8F7-46B1-8F5D-559CB38C92D4}"
EndProject
Project("{8BC9CEB8-8B4A-11D0-8D11-00A0C91BC942}") = "1-07", "1_7\1_7.vcxproj", "{A7053B87-6D4B-4ECB-B751-011F3EF3915D}"
EndProject
Project("{8BC9CEB8-8B4A-11D0-8D11-00A0C91BC942}") = "1-08", "1-8\1-8.vcxproj", "{365AE6F7-7AC9-46C9-835E-7EB690CAF673}"
EndProject
Project("{8BC9CEB8-8B4A-11D0-8D11-00A0C91BC942}") = "1-09", "1-9\1-9.vcxproj", "{D175EB7A-EF0D-4C36-A474-A575ACD8300E}"
EndProject
Project("{8BC9CEB8-8B4A-11D0-8D11-00A0C91BC942}") = "1-10", "1-10\1-10.vcxproj", "{11AD4246-46CF-42A4-AB3D-CD31CEC186B8}"
EndProject
Project("{8BC9CEB8-8B4A-11D0-8D11-00A0C91BC942}") = "1_11", "1_11\1_11.vcxproj", "{6898C39D-BF15-4B39-97BA-94D9EA509349}"
EndProject
Project("{8BC9CEB8-8B4A-11D0-8D11-00A0C91BC942}") = "1_12", "1_12\1_12.vcxproj", "{93214202-E548-4412-966F-A2137156467F}"
EndProject
Project("{8BC9CEB8-8B4A-11D0-8D11-00A0C91BC942}") = "1_14", "1_13\1_13.vcxproj", "{931D5B62-C5AB-4B67-BEB9-B4BAB38DD9A4}"
EndProject
Project("{2150E333-8FDC-42A3-9474-1A3956D46DE8}") = "Lv1", "Lv1", "{EF7CBFE9-0404-4D0E-9901-1D11E97D3754}"
EndProject
Project("{2150E333-8FDC-42A3-9474-1A3956D46DE8}") = "Lv2", "Lv2", "{66ACBC9D-AA9E-41C5-901D-5D81E4EC48B8}"
EndProject
Project("{8BC9CEB8-8B4A-11D0-8D11-00A0C91BC942}") = "2-01", "2-01\2-01.vcxproj", "{CB2EE3DD-0306-44E5-9B2A-C6D7AA4B9657}"
EndProject
Project("{8BC9CEB8-8B4A-11D0-8D11-00A0C91BC942}") = "2-02", "2-02\2-02.vcxproj", "{A2C71A54-5617-4353-9BF4-F8C758666F29}"
EndProject
Project("{8BC9CEB8-8B4A-11D0-8D11-00A0C91BC942}") = "2-03", "2-03\2-03.vcxproj", "{DD7B1D95-8988-4D95-8032-39A33BACBB92}"
EndProject
Project("{8BC9CEB8-8B4A-11D0-8D11-00A0C91BC942}") = "2-04", "2-04\2-04.vcxproj", "{8DC41ABC-5CEA-4FAE-B9FA-356D1133421F}"
EndProject
Project("{8BC9CEB8-8B4A-11D0-8D11-00A0C91BC942}") = "2-05", "2-05\2-05.vcxproj", "{F8BBBB9C-A705-4DE3-B850-1E8D2C9464E7}"
EndProject
Project("{8BC9CEB8-8B4A-11D0-8D11-00A0C91BC942}") = "2-06", "2-06\2-06.vcxproj", "{2400CCB9-8F31-4A0B-A099-7C7499B1098C}"
EndProject
Project("{8BC9CEB8-8B4A-11D0-8D11-00A0C91BC942}") = "2-07", "2-07\2-07.vcxproj", "{CB266D08-2C6A-4C4C-9BC0-70CA316F6579}"
EndProject
Project("{8BC9CEB8-8B4A-11D0-8D11-00A0C91BC942}") = "2-08", "2-08\2-08.vcxproj", "{325805E7-FC67-4EBD-9FD0-B94C0E7CF2AC}"
EndProject
Project("{8BC9CEB8-8B4A-11D0-8D11-00A0C91BC942}") = "2-09", "2-09\2-09.vcxproj", "{7B40C7A5-AB0A-4267-91A5-A8C0CE3A73FD}"
EndProject
Project("{8BC9CEB8-8B4A-11D0-8D11-00A0C91BC942}") = "2-10", "2-10\2-10.vcxproj", "{5EACEE59-9A91-4539-BA5F-37E7B51C33CD}"
EndProject
Project("{8BC9CEB8-8B4A-11D0-8D11-00A0C91BC942}") = "2-11", "2-11\2-11.vcxproj", "{65A844BB-66C2-4EBF-892C-CADECD9E39BF}"
EndProject
Project("{8BC9CEB8-8B4A-11D0-8D11-00A0C91BC942}") = "2-12", "2-12\2-12.vcxproj", "{9F0A9221-BA8C-427C-B468-C2B1429159F2}"
EndProject
Project("{2150E333-8FDC-42A3-9474-1A3956D46DE8}") = "Lv3", "Lv3", "{D02E5D25-B5FD-444E-BBAE-C0CF35E2BE5D}"
EndProject
Project("{8BC9CEB8-8B4A-11D0-8D11-00A0C91BC942}") = "3-01", "3-01\3-01.vcxproj", "{4F6F13F1-9503-4D6E-88C1-31894ED1979D}"
EndProject
Project("{8BC9CEB8-8B4A-11D0-8D11-00A0C91BC942}") = "3-02", "3-02\3-02.vcxproj", "{9BA41839-E974-47E0-9AE2-787BCEF3C67B}"
EndProject
Project("{8BC9CEB8-8B4A-11D0-8D11-00A0C91BC942}") = "3-03", "3-03\3-03.vcxproj", "{C2153C4A-EDA1-44FA-B45A-86C17556EA54}"
EndProject
Project("{8BC9CEB8-8B4A-11D0-8D11-00A0C91BC942}") = "3-04", "3-04\3-04.vcxproj", "{A5347F19-6EC4-46E9-BEF6-8E85DAEA12E5}"
EndProject
Project("{8BC9CEB8-8B4A-11D0-8D11-00A0C91BC942}") = "3-05", "3-05\3-05.vcxproj", "{F21157B6-E6DD-4A5B-B47F-B2AF147ADEC9}"
EndProject
Project("{8BC9CEB8-8B4A-11D0-8D11-00A0C91BC942}") = "3-06", "3-06\3-06.vcxproj", "{29C2080A-B177-47A2-A7C1-535A75A5ABA8}"
EndProject
Project("{8BC9CEB8-8B4A-11D0-8D11-00A0C91BC942}") = "3-07", "3-07\3-07.vcxproj", "{2E8E7BEB-F862-4C06-B225-DA220837197B}"
EndProject
Project("{8BC9CEB8-8B4A-11D0-8D11-00A0C91BC942}") = "3-08", "3-08\3-08.vcxproj", "{F6AFC8E1-627F-49BB-BBA8-0C1950ACBCF8}"
EndProject
Project("{8BC9CEB8-8B4A-11D0-8D11-00A0C91BC942}") = "3-09", "3-09\3-09.vcxproj", "{EC8BE58D-4520-42D2-97B5-6EF6004CDDF5}"
EndProject
Project("{8BC9CEB8-8B4A-11D0-8D11-00A0C91BC942}") = "3-10", "3-10\3-10.vcxproj", "{8CFC8AE4-6963-40F8-995A-571342F497AE}"
EndProject
Project("{8BC9CEB8-8B4A-11D0-8D11-00A0C91BC942}") = "3-11", "3-11\3-11.vcxproj", "{380CEAF3-AD80-4998-92BD-D788B97349D7}"
EndProject
Project("{8BC9CEB8-8B4A-11D0-8D11-00A0C91BC942}") = "3-12", "3-12\3-12.vcxproj", "{1196538D-86AA-4EEF-8EB9-3E74EC88878E}"
EndProject
Project("{8BC9CEB8-8B4A-11D0-8D11-00A0C91BC942}") = "3-13", "3-13\3-13.vcxproj", "{D9F013A4-5BB6-408F-BBF0-8DACE44A6229}"
EndProject
Project("{8BC9CEB8-8B4A-11D0-8D11-00A0C91BC942}") = "3-14", "3-14\3-14.vcxproj", "{179BD261-C622-4121-839B-551BF7B3F399}"
EndProject
Project("{8BC9CEB8-8B4A-11D0-8D11-00A0C91BC942}") = "3-15", "3-15\3-15.vcxproj", "{B8A1322D-223A-45B2-B709-F4CB8D56C484}"
EndProject
Global
	GlobalSection(SolutionConfigurationPlatforms) = preSolution
		Debug|x64 = Debug|x64
		Debug|x86 = Debug|x86
		Release|x64 = Release|x64
		Release|x86 = Release|x86
	EndGlobalSection
	GlobalSection(ProjectConfigurationPlatforms) = postSolution
		{D97EA62D-D7AD-43B7-98B9-0DFFC578D61B}.Debug|x64.ActiveCfg = Debug|x64
		{D97EA62D-D7AD-43B7-98B9-0DFFC578D61B}.Debug|x64.Build.0 = Debug|x64
		{D97EA62D-D7AD-43B7-98B9-0DFFC578D61B}.Debug|x86.ActiveCfg = Debug|Win32
		{D97EA62D-D7AD-43B7-98B9-0DFFC578D61B}.Debug|x86.Build.0 = Debug|Win32
		{D97EA62D-D7AD-43B7-98B9-0DFFC578D61B}.Release|x64.ActiveCfg = Release|x64
		{D97EA62D-D7AD-43B7-98B9-0DFFC578D61B}.Release|x64.Build.0 = Release|x64
		{D97EA62D-D7AD-43B7-98B9-0DFFC578D61B}.Release|x86.ActiveCfg = Release|Win32
		{D97EA62D-D7AD-43B7-98B9-0DFFC578D61B}.Release|x86.Build.0 = Release|Win32
		{03EB3E34-BC51-453C-9E21-18C0CCD5FF8F}.Debug|x64.ActiveCfg = Debug|x64
		{03EB3E34-BC51-453C-9E21-18C0CCD5FF8F}.Debug|x64.Build.0 = Debug|x64
		{03EB3E34-BC51-453C-9E21-18C0CCD5FF8F}.Debug|x86.ActiveCfg = Debug|Win32
		{03EB3E34-BC51-453C-9E21-18C0CCD5FF8F}.Debug|x86.Build.0 = Debug|Win32
		{03EB3E34-BC51-453C-9E21-18C0CCD5FF8F}.Release|x64.ActiveCfg = Release|x64
		{03EB3E34-BC51-453C-9E21-18C0CCD5FF8F}.Release|x64.Build.0 = Release|x64
		{03EB3E34-BC51-453C-9E21-18C0CCD5FF8F}.Release|x86.ActiveCfg = Release|Win32
		{03EB3E34-BC51-453C-9E21-18C0CCD5FF8F}.Release|x86.Build.0 = Release|Win32
		{9F450643-84CD-41B1-A16F-D285C263AC6E}.Debug|x64.ActiveCfg = Debug|x64
		{9F450643-84CD-41B1-A16F-D285C263AC6E}.Debug|x64.Build.0 = Debug|x64
		{9F450643-84CD-41B1-A16F-D285C263AC6E}.Debug|x86.ActiveCfg = Debug|Win32
		{9F450643-84CD-41B1-A16F-D285C263AC6E}.Debug|x86.Build.0 = Debug|Win32
		{9F450643-84CD-41B1-A16F-D285C263AC6E}.Release|x64.ActiveCfg = Release|x64
		{9F450643-84CD-41B1-A16F-D285C263AC6E}.Release|x64.Build.0 = Release|x64
		{9F450643-84CD-41B1-A16F-D285C263AC6E}.Release|x86.ActiveCfg = Release|Win32
		{9F450643-84CD-41B1-A16F-D285C263AC6E}.Release|x86.Build.0 = Release|Win32
		{0B3B510E-1C32-4029-987B-63FE5CBA52C5}.Debug|x64.ActiveCfg = Debug|x64
		{0B3B510E-1C32-4029-987B-63FE5CBA52C5}.Debug|x64.Build.0 = Debug|x64
		{0B3B510E-1C32-4029-987B-63FE5CBA52C5}.Debug|x86.ActiveCfg = Debug|Win32
		{0B3B510E-1C32-4029-987B-63FE5CBA52C5}.Debug|x86.Build.0 = Debug|Win32
		{0B3B510E-1C32-4029-987B-63FE5CBA52C5}.Release|x64.ActiveCfg = Release|x64
		{0B3B510E-1C32-4029-987B-63FE5CBA52C5}.Release|x64.Build.0 = Release|x64
		{0B3B510E-1C32-4029-987B-63FE5CBA52C5}.Release|x86.ActiveCfg = Release|Win32
		{0B3B510E-1C32-4029-987B-63FE5CBA52C5}.Release|x86.Build.0 = Release|Win32
		{E4D8420C-B8F7-46B1-8F5D-559CB38C92D4}.Debug|x64.ActiveCfg = Debug|x64
		{E4D8420C-B8F7-46B1-8F5D-559CB38C92D4}.Debug|x64.Build.0 = Debug|x64
		{E4D8420C-B8F7-46B1-8F5D-559CB38C92D4}.Debug|x86.ActiveCfg = Debug|Win32
		{E4D8420C-B8F7-46B1-8F5D-559CB38C92D4}.Debug|x86.Build.0 = Debug|Win32
		{E4D8420C-B8F7-46B1-8F5D-559CB38C92D4}.Release|x64.ActiveCfg = Release|x64
		{E4D8420C-B8F7-46B1-8F5D-559CB38C92D4}.Release|x64.Build.0 = Release|x64
		{E4D8420C-B8F7-46B1-8F5D-559CB38C92D4}.Release|x86.ActiveCfg = Release|Win32
		{E4D8420C-B8F7-46B1-8F5D-559CB38C92D4}.Release|x86.Build.0 = Release|Win32
		{A7053B87-6D4B-4ECB-B751-011F3EF3915D}.Debug|x64.ActiveCfg = Debug|x64
		{A7053B87-6D4B-4ECB-B751-011F3EF3915D}.Debug|x64.Build.0 = Debug|x64
		{A7053B87-6D4B-4ECB-B751-011F3EF3915D}.Debug|x86.ActiveCfg = Debug|Win32
		{A7053B87-6D4B-4ECB-B751-011F3EF3915D}.Debug|x86.Build.0 = Debug|Win32
		{A7053B87-6D4B-4ECB-B751-011F3EF3915D}.Release|x64.ActiveCfg = Release|x64
		{A7053B87-6D4B-4ECB-B751-011F3EF3915D}.Release|x64.Build.0 = Release|x64
		{A7053B87-6D4B-4ECB-B751-011F3EF3915D}.Release|x86.ActiveCfg = Release|Win32
		{A7053B87-6D4B-4ECB-B751-011F3EF3915D}.Release|x86.Build.0 = Release|Win32
		{365AE6F7-7AC9-46C9-835E-7EB690CAF673}.Debug|x64.ActiveCfg = Debug|x64
		{365AE6F7-7AC9-46C9-835E-7EB690CAF673}.Debug|x64.Build.0 = Debug|x64
		{365AE6F7-7AC9-46C9-835E-7EB690CAF673}.Debug|x86.ActiveCfg = Debug|Win32
		{365AE6F7-7AC9-46C9-835E-7EB690CAF673}.Debug|x86.Build.0 = Debug|Win32
		{365AE6F7-7AC9-46C9-835E-7EB690CAF673}.Release|x64.ActiveCfg = Release|x64
		{365AE6F7-7AC9-46C9-835E-7EB690CAF673}.Release|x64.Build.0 = Release|x64
		{365AE6F7-7AC9-46C9-835E-7EB690CAF673}.Release|x86.ActiveCfg = Release|Win32
		{365AE6F7-7AC9-46C9-835E-7EB690CAF673}.Release|x86.Build.0 = Release|Win32
		{D175EB7A-EF0D-4C36-A474-A575ACD8300E}.Debug|x64.ActiveCfg = Debug|x64
		{D175EB7A-EF0D-4C36-A474-A575ACD8300E}.Debug|x64.Build.0 = Debug|x64
		{D175EB7A-EF0D-4C36-A474-A575ACD8300E}.Debug|x86.ActiveCfg = Debug|Win32
		{D175EB7A-EF0D-4C36-A474-A575ACD8300E}.Debug|x86.Build.0 = Debug|Win32
		{D175EB7A-EF0D-4C36-A474-A575ACD8300E}.Release|x64.ActiveCfg = Release|x64
		{D175EB7A-EF0D-4C36-A474-A575ACD8300E}.Release|x64.Build.0 = Release|x64
		{D175EB7A-EF0D-4C36-A474-A575ACD8300E}.Release|x86.ActiveCfg = Release|Win32
		{D175EB7A-EF0D-4C36-A474-A575ACD8300E}.Release|x86.Build.0 = Release|Win32
		{11AD4246-46CF-42A4-AB3D-CD31CEC186B8}.Debug|x64.ActiveCfg = Debug|x64
		{11AD4246-46CF-42A4-AB3D-CD31CEC186B8}.Debug|x64.Build.0 = Debug|x64
		{11AD4246-46CF-42A4-AB3D-CD31CEC186B8}.Debug|x86.ActiveCfg = Debug|Win32
		{11AD4246-46CF-42A4-AB3D-CD31CEC186B8}.Debug|x86.Build.0 = Debug|Win32
		{11AD4246-46CF-42A4-AB3D-CD31CEC186B8}.Release|x64.ActiveCfg = Release|x64
		{11AD4246-46CF-42A4-AB3D-CD31CEC186B8}.Release|x64.Build.0 = Release|x64
		{11AD4246-46CF-42A4-AB3D-CD31CEC186B8}.Release|x86.ActiveCfg = Release|Win32
		{11AD4246-46CF-42A4-AB3D-CD31CEC186B8}.Release|x86.Build.0 = Release|Win32
		{6898C39D-BF15-4B39-97BA-94D9EA509349}.Debug|x64.ActiveCfg = Debug|x64
		{6898C39D-BF15-4B39-97BA-94D9EA509349}.Debug|x64.Build.0 = Debug|x64
		{6898C39D-BF15-4B39-97BA-94D9EA509349}.Debug|x86.ActiveCfg = Debug|Win32
		{6898C39D-BF15-4B39-97BA-94D9EA509349}.Debug|x86.Build.0 = Debug|Win32
		{6898C39D-BF15-4B39-97BA-94D9EA509349}.Release|x64.ActiveCfg = Release|x64
		{6898C39D-BF15-4B39-97BA-94D9EA509349}.Release|x64.Build.0 = Release|x64
		{6898C39D-BF15-4B39-97BA-94D9EA509349}.Release|x86.ActiveCfg = Release|Win32
		{6898C39D-BF15-4B39-97BA-94D9EA509349}.Release|x86.Build.0 = Release|Win32
		{93214202-E548-4412-966F-A2137156467F}.Debug|x64.ActiveCfg = Debug|x64
		{93214202-E548-4412-966F-A2137156467F}.Debug|x64.Build.0 = Debug|x64
		{93214202-E548-4412-966F-A2137156467F}.Debug|x86.ActiveCfg = Debug|Win32
		{93214202-E548-4412-966F-A2137156467F}.Debug|x86.Build.0 = Debug|Win32
		{93214202-E548-4412-966F-A2137156467F}.Release|x64.ActiveCfg = Release|x64
		{93214202-E548-4412-966F-A2137156467F}.Release|x64.Build.0 = Release|x64
		{93214202-E548-4412-966F-A2137156467F}.Release|x86.ActiveCfg = Release|Win32
		{93214202-E548-4412-966F-A2137156467F}.Release|x86.Build.0 = Release|Win32
		{931D5B62-C5AB-4B67-BEB9-B4BAB38DD9A4}.Debug|x64.ActiveCfg = Debug|x64
		{931D5B62-C5AB-4B67-BEB9-B4BAB38DD9A4}.Debug|x64.Build.0 = Debug|x64
		{931D5B62-C5AB-4B67-BEB9-B4BAB38DD9A4}.Debug|x86.ActiveCfg = Debug|Win32
		{931D5B62-C5AB-4B67-BEB9-B4BAB38DD9A4}.Debug|x86.Build.0 = Debug|Win32
		{931D5B62-C5AB-4B67-BEB9-B4BAB38DD9A4}.Release|x64.ActiveCfg = Release|x64
		{931D5B62-C5AB-4B67-BEB9-B4BAB38DD9A4}.Release|x64.Build.0 = Release|x64
		{931D5B62-C5AB-4B67-BEB9-B4BAB38DD9A4}.Release|x86.ActiveCfg = Release|Win32
		{931D5B62-C5AB-4B67-BEB9-B4BAB38DD9A4}.Release|x86.Build.0 = Release|Win32
		{CB2EE3DD-0306-44E5-9B2A-C6D7AA4B9657}.Debug|x64.ActiveCfg = Debug|x64
		{CB2EE3DD-0306-44E5-9B2A-C6D7AA4B9657}.Debug|x64.Build.0 = Debug|x64
		{CB2EE3DD-0306-44E5-9B2A-C6D7AA4B9657}.Debug|x86.ActiveCfg = Debug|Win32
		{CB2EE3DD-0306-44E5-9B2A-C6D7AA4B9657}.Debug|x86.Build.0 = Debug|Win32
		{CB2EE3DD-0306-44E5-9B2A-C6D7AA4B9657}.Release|x64.ActiveCfg = Release|x64
		{CB2EE3DD-0306-44E5-9B2A-C6D7AA4B9657}.Release|x64.Build.0 = Release|x64
		{CB2EE3DD-0306-44E5-9B2A-C6D7AA4B9657}.Release|x86.ActiveCfg = Release|Win32
		{CB2EE3DD-0306-44E5-9B2A-C6D7AA4B9657}.Release|x86.Build.0 = Release|Win32
		{A2C71A54-5617-4353-9BF4-F8C758666F29}.Debug|x64.ActiveCfg = Debug|x64
		{A2C71A54-5617-4353-9BF4-F8C758666F29}.Debug|x64.Build.0 = Debug|x64
		{A2C71A54-5617-4353-9BF4-F8C758666F29}.Debug|x86.ActiveCfg = Debug|Win32
		{A2C71A54-5617-4353-9BF4-F8C758666F29}.Debug|x86.Build.0 = Debug|Win32
		{A2C71A54-5617-4353-9BF4-F8C758666F29}.Release|x64.ActiveCfg = Release|x64
		{A2C71A54-5617-4353-9BF4-F8C758666F29}.Release|x64.Build.0 = Release|x64
		{A2C71A54-5617-4353-9BF4-F8C758666F29}.Release|x86.ActiveCfg = Release|Win32
		{A2C71A54-5617-4353-9BF4-F8C758666F29}.Release|x86.Build.0 = Release|Win32
		{DD7B1D95-8988-4D95-8032-39A33BACBB92}.Debug|x64.ActiveCfg = Debug|x64
		{DD7B1D95-8988-4D95-8032-39A33BACBB92}.Debug|x64.Build.0 = Debug|x64
		{DD7B1D95-8988-4D95-8032-39A33BACBB92}.Debug|x86.ActiveCfg = Debug|Win32
		{DD7B1D95-8988-4D95-8032-39A33BACBB92}.Debug|x86.Build.0 = Debug|Win32
		{DD7B1D95-8988-4D95-8032-39A33BACBB92}.Release|x64.ActiveCfg = Release|x64
		{DD7B1D95-8988-4D95-8032-39A33BACBB92}.Release|x64.Build.0 = Release|x64
		{DD7B1D95-8988-4D95-8032-39A33BACBB92}.Release|x86.ActiveCfg = Release|Win32
		{DD7B1D95-8988-4D95-8032-39A33BACBB92}.Release|x86.Build.0 = Release|Win32
		{8DC41ABC-5CEA-4FAE-B9FA-356D1133421F}.Debug|x64.ActiveCfg = Debug|x64
		{8DC41ABC-5CEA-4FAE-B9FA-356D1133421F}.Debug|x64.Build.0 = Debug|x64
		{8DC41ABC-5CEA-4FAE-B9FA-356D1133421F}.Debug|x86.ActiveCfg = Debug|Win32
		{8DC41ABC-5CEA-4FAE-B9FA-356D1133421F}.Debug|x86.Build.0 = Debug|Win32
		{8DC41ABC-5CEA-4FAE-B9FA-356D1133421F}.Release|x64.ActiveCfg = Release|x64
		{8DC41ABC-5CEA-4FAE-B9FA-356D1133421F}.Release|x64.Build.0 = Release|x64
		{8DC41ABC-5CEA-4FAE-B9FA-356D1133421F}.Release|x86.ActiveCfg = Release|Win32
		{8DC41ABC-5CEA-4FAE-B9FA-356D1133421F}.Release|x86.Build.0 = Release|Win32
		{F8BBBB9C-A705-4DE3-B850-1E8D2C9464E7}.Debug|x64.ActiveCfg = Debug|x64
		{F8BBBB9C-A705-4DE3-B850-1E8D2C9464E7}.Debug|x64.Build.0 = Debug|x64
		{F8BBBB9C-A705-4DE3-B850-1E8D2C9464E7}.Debug|x86.ActiveCfg = Debug|Win32
		{F8BBBB9C-A705-4DE3-B850-1E8D2C9464E7}.Debug|x86.Build.0 = Debug|Win32
		{F8BBBB9C-A705-4DE3-B850-1E8D2C9464E7}.Release|x64.ActiveCfg = Release|x64
		{F8BBBB9C-A705-4DE3-B850-1E8D2C9464E7}.Release|x64.Build.0 = Release|x64
		{F8BBBB9C-A705-4DE3-B850-1E8D2C9464E7}.Release|x86.ActiveCfg = Release|Win32
		{F8BBBB9C-A705-4DE3-B850-1E8D2C9464E7}.Release|x86.Build.0 = Release|Win32
		{2400CCB9-8F31-4A0B-A099-7C7499B1098C}.Debug|x64.ActiveCfg = Debug|x64
		{2400CCB9-8F31-4A0B-A099-7C7499B1098C}.Debug|x64.Build.0 = Debug|x64
		{2400CCB9-8F31-4A0B-A099-7C7499B1098C}.Debug|x86.ActiveCfg = Debug|Win32
		{2400CCB9-8F31-4A0B-A099-7C7499B1098C}.Debug|x86.Build.0 = Debug|Win32
		{2400CCB9-8F31-4A0B-A099-7C7499B1098C}.Release|x64.ActiveCfg = Release|x64
		{2400CCB9-8F31-4A0B-A099-7C7499B1098C}.Release|x64.Build.0 = Release|x64
		{2400CCB9-8F31-4A0B-A099-7C7499B1098C}.Release|x86.ActiveCfg = Release|Win32
		{2400CCB9-8F31-4A0B-A099-7C7499B1098C}.Release|x86.Build.0 = Release|Win32
		{CB266D08-2C6A-4C4C-9BC0-70CA316F6579}.Debug|x64.ActiveCfg = Debug|x64
		{CB266D08-2C6A-4C4C-9BC0-70CA316F6579}.Debug|x64.Build.0 = Debug|x64
		{CB266D08-2C6A-4C4C-9BC0-70CA316F6579}.Debug|x86.ActiveCfg = Debug|Win32
		{CB266D08-2C6A-4C4C-9BC0-70CA316F6579}.Debug|x86.Build.0 = Debug|Win32
		{CB266D08-2C6A-4C4C-9BC0-70CA316F6579}.Release|x64.ActiveCfg = Release|x64
		{CB266D08-2C6A-4C4C-9BC0-70CA316F6579}.Release|x64.Build.0 = Release|x64
		{CB266D08-2C6A-4C4C-9BC0-70CA316F6579}.Release|x86.ActiveCfg = Release|Win32
		{CB266D08-2C6A-4C4C-9BC0-70CA316F6579}.Release|x86.Build.0 = Release|Win32
		{325805E7-FC67-4EBD-9FD0-B94C0E7CF2AC}.Debug|x64.ActiveCfg = Debug|x64
		{325805E7-FC67-4EBD-9FD0-B94C0E7CF2AC}.Debug|x64.Build.0 = Debug|x64
		{325805E7-FC67-4EBD-9FD0-B94C0E7CF2AC}.Debug|x86.ActiveCfg = Debug|Win32
		{325805E7-FC67-4EBD-9FD0-B94C0E7CF2AC}.Debug|x86.Build.0 = Debug|Win32
		{325805E7-FC67-4EBD-9FD0-B94C0E7CF2AC}.Release|x64.ActiveCfg = Release|x64
		{325805E7-FC67-4EBD-9FD0-B94C0E7CF2AC}.Release|x64.Build.0 = Release|x64
		{325805E7-FC67-4EBD-9FD0-B94C0E7CF2AC}.Release|x86.ActiveCfg = Release|Win32
		{325805E7-FC67-4EBD-9FD0-B94C0E7CF2AC}.Release|x86.Build.0 = Release|Win32
		{7B40C7A5-AB0A-4267-91A5-A8C0CE3A73FD}.Debug|x64.ActiveCfg = Debug|x64
		{7B40C7A5-AB0A-4267-91A5-A8C0CE3A73FD}.Debug|x64.Build.0 = Debug|x64
		{7B40C7A5-AB0A-4267-91A5-A8C0CE3A73FD}.Debug|x86.ActiveCfg = Debug|Win32
		{7B40C7A5-AB0A-4267-91A5-A8C0CE3A73FD}.Debug|x86.Build.0 = Debug|Win32
		{7B40C7A5-AB0A-4267-91A5-A8C0CE3A73FD}.Release|x64.ActiveCfg = Release|x64
		{7B40C7A5-AB0A-4267-91A5-A8C0CE3A73FD}.Release|x64.Build.0 = Release|x64
		{7B40C7A5-AB0A-4267-91A5-A8C0CE3A73FD}.Release|x86.ActiveCfg = Release|Win32
		{7B40C7A5-AB0A-4267-91A5-A8C0CE3A73FD}.Release|x86.Build.0 = Release|Win32
		{5EACEE59-9A91-4539-BA5F-37E7B51C33CD}.Debug|x64.ActiveCfg = Debug|x64
		{5EACEE59-9A91-4539-BA5F-37E7B51C33CD}.Debug|x64.Build.0 = Debug|x64
		{5EACEE59-9A91-4539-BA5F-37E7B51C33CD}.Debug|x86.ActiveCfg = Debug|Win32
		{5EACEE59-9A91-4539-BA5F-37E7B51C33CD}.Debug|x86.Build.0 = Debug|Win32
		{5EACEE59-9A91-4539-BA5F-37E7B51C33CD}.Release|x64.ActiveCfg = Release|x64
		{5EACEE59-9A91-4539-BA5F-37E7B51C33CD}.Release|x64.Build.0 = Release|x64
		{5EACEE59-9A91-4539-BA5F-37E7B51C33CD}.Release|x86.ActiveCfg = Release|Win32
		{5EACEE59-9A91-4539-BA5F-37E7B51C33CD}.Release|x86.Build.0 = Release|Win32
		{65A844BB-66C2-4EBF-892C-CADECD9E39BF}.Debug|x64.ActiveCfg = Debug|x64
		{65A844BB-66C2-4EBF-892C-CADECD9E39BF}.Debug|x64.Build.0 = Debug|x64
		{65A844BB-66C2-4EBF-892C-CADECD9E39BF}.Debug|x86.ActiveCfg = Debug|Win32
		{65A844BB-66C2-4EBF-892C-CADECD9E39BF}.Debug|x86.Build.0 = Debug|Win32
		{65A844BB-66C2-4EBF-892C-CADECD9E39BF}.Release|x64.ActiveCfg = Release|x64
		{65A844BB-66C2-4EBF-892C-CADECD9E39BF}.Release|x64.Build.0 = Release|x64
		{65A844BB-66C2-4EBF-892C-CADECD9E39BF}.Release|x86.ActiveCfg = Release|Win32
		{65A844BB-66C2-4EBF-892C-CADECD9E39BF}.Release|x86.Build.0 = Release|Win32
		{9F0A9221-BA8C-427C-B468-C2B1429159F2}.Debug|x64.ActiveCfg = Debug|x64
		{9F0A9221-BA8C-427C-B468-C2B1429159F2}.Debug|x64.Build.0 = Debug|x64
		{9F0A9221-BA8C-427C-B468-C2B1429159F2}.Debug|x86.ActiveCfg = Debug|Win32
		{9F0A9221-BA8C-427C-B468-C2B1429159F2}.Debug|x86.Build.0 = Debug|Win32
		{9F0A9221-BA8C-427C-B468-C2B1429159F2}.Release|x64.ActiveCfg = Release|x64
		{9F0A9221-BA8C-427C-B468-C2B1429159F2}.Release|x64.Build.0 = Release|x64
		{9F0A9221-BA8C-427C-B468-C2B1429159F2}.Release|x86.ActiveCfg = Release|Win32
		{9F0A9221-BA8C-427C-B468-C2B1429159F2}.Release|x86.Build.0 = Release|Win32
		{4F6F13F1-9503-4D6E-88C1-31894ED1979D}.Debug|x64.ActiveCfg = Debug|x64
		{4F6F13F1-9503-4D6E-88C1-31894ED1979D}.Debug|x64.Build.0 = Debug|x64
		{4F6F13F1-9503-4D6E-88C1-31894ED1979D}.Debug|x86.ActiveCfg = Debug|Win32
		{4F6F13F1-9503-4D6E-88C1-31894ED1979D}.Debug|x86.Build.0 = Debug|Win32
		{4F6F13F1-9503-4D6E-88C1-31894ED1979D}.Release|x64.ActiveCfg = Release|x64
		{4F6F13F1-9503-4D6E-88C1-31894ED1979D}.Release|x64.Build.0 = Release|x64
		{4F6F13F1-9503-4D6E-88C1-31894ED1979D}.Release|x86.ActiveCfg = Release|Win32
		{4F6F13F1-9503-4D6E-88C1-31894ED1979D}.Release|x86.Build.0 = Release|Win32
		{9BA41839-E974-47E0-9AE2-787BCEF3C67B}.Debug|x64.ActiveCfg = Debug|x64
		{9BA41839-E974-47E0-9AE2-787BCEF3C67B}.Debug|x64.Build.0 = Debug|x64
		{9BA41839-E974-47E0-9AE2-787BCEF3C67B}.Debug|x86.ActiveCfg = Debug|Win32
		{9BA41839-E974-47E0-9AE2-787BCEF3C67B}.Debug|x86.Build.0 = Debug|Win32
		{9BA41839-E974-47E0-9AE2-787BCEF3C67B}.Release|x64.ActiveCfg = Release|x64
		{9BA41839-E974-47E0-9AE2-787BCEF3C67B}.Release|x64.Build.0 = Release|x64
		{9BA41839-E974-47E0-9AE2-787BCEF3C67B}.Release|x86.ActiveCfg = Release|Win32
		{9BA41839-E974-47E0-9AE2-787BCEF3C67B}.Release|x86.Build.0 = Release|Win32
		{C2153C4A-EDA1-44FA-B45A-86C17556EA54}.Debug|x64.ActiveCfg = Debug|x64
		{C2153C4A-EDA1-44FA-B45A-86C17556EA54}.Debug|x64.Build.0 = Debug|x64
		{C2153C4A-EDA1-44FA-B45A-86C17556EA54}.Debug|x86.ActiveCfg = Debug|Win32
		{C2153C4A-EDA1-44FA-B45A-86C17556EA54}.Debug|x86.Build.0 = Debug|Win32
		{C2153C4A-EDA1-44FA-B45A-86C17556EA54}.Release|x64.ActiveCfg = Release|x64
		{C2153C4A-EDA1-44FA-B45A-86C17556EA54}.Release|x64.Build.0 = Release|x64
		{C2153C4A-EDA1-44FA-B45A-86C17556EA54}.Release|x86.ActiveCfg = Release|Win32
		{C2153C4A-EDA1-44FA-B45A-86C17556EA54}.Release|x86.Build.0 = Release|Win32
		{A5347F19-6EC4-46E9-BEF6-8E85DAEA12E5}.Debug|x64.ActiveCfg = Debug|x64
		{A5347F19-6EC4-46E9-BEF6-8E85DAEA12E5}.Debug|x64.Build.0 = Debug|x64
		{A5347F19-6EC4-46E9-BEF6-8E85DAEA12E5}.Debug|x86.ActiveCfg = Debug|Win32
		{A5347F19-6EC4-46E9-BEF6-8E85DAEA12E5}.Debug|x86.Build.0 = Debug|Win32
		{A5347F19-6EC4-46E9-BEF6-8E85DAEA12E5}.Release|x64.ActiveCfg = Release|x64
		{A5347F19-6EC4-46E9-BEF6-8E85DAEA12E5}.Release|x64.Build.0 = Release|x64
		{A5347F19-6EC4-46E9-BEF6-8E85DAEA12E5}.Release|x86.ActiveCfg = Release|Win32
		{A5347F19-6EC4-46E9-BEF6-8E85DAEA12E5}.Release|x86.Build.0 = Release|Win32
		{F21157B6-E6DD-4A5B-B47F-B2AF147ADEC9}.Debug|x64.ActiveCfg = Debug|x64
		{F21157B6-E6DD-4A5B-B47F-B2AF147ADEC9}.Debug|x64.Build.0 = Debug|x64
		{F21157B6-E6DD-4A5B-B47F-B2AF147ADEC9}.Debug|x86.ActiveCfg = Debug|Win32
		{F21157B6-E6DD-4A5B-B47F-B2AF147ADEC9}.Debug|x86.Build.0 = Debug|Win32
		{F21157B6-E6DD-4A5B-B47F-B2AF147ADEC9}.Release|x64.ActiveCfg = Release|x64
		{F21157B6-E6DD-4A5B-B47F-B2AF147ADEC9}.Release|x64.Build.0 = Release|x64
		{F21157B6-E6DD-4A5B-B47F-B2AF147ADEC9}.Release|x86.ActiveCfg = Release|Win32
		{F21157B6-E6DD-4A5B-B47F-B2AF147ADEC9}.Release|x86.Build.0 = Release|Win32
		{29C2080A-B177-47A2-A7C1-535A75A5ABA8}.Debug|x64.ActiveCfg = Debug|x64
		{29C2080A-B177-47A2-A7C1-535A75A5ABA8}.Debug|x64.Build.0 = Debug|x64
		{29C2080A-B177-47A2-A7C1-535A75A5ABA8}.Debug|x86.ActiveCfg = Debug|Win32
		{29C2080A-B177-47A2-A7C1-535A75A5ABA8}.Debug|x86.Build.0 = Debug|Win32
		{29C2080A-B177-47A2-A7C1-535A75A5ABA8}.Release|x64.ActiveCfg = Release|x64
		{29C2080A-B177-47A2-A7C1-535A75A5ABA8}.Release|x64.Build.0 = Release|x64
		{29C2080A-B177-47A2-A7C1-535A75A5ABA8}.Release|x86.ActiveCfg = Release|Win32
		{29C2080A-B177-47A2-A7C1-535A75A5ABA8}.Release|x86.Build.0 = Release|Win32
		{2E8E7BEB-F862-4C06-B225-DA220837197B}.Debug|x64.ActiveCfg = Debug|x64
		{2E8E7BEB-F862-4C06-B225-DA220837197B}.Debug|x64.Build.0 = Debug|x64
		{2E8E7BEB-F862-4C06-B225-DA220837197B}.Debug|x86.ActiveCfg = Debug|Win32
		{2E8E7BEB-F862-4C06-B225-DA220837197B}.Debug|x86.Build.0 = Debug|Win32
		{2E8E7BEB-F862-4C06-B225-DA220837197B}.Release|x64.ActiveCfg = Release|x64
		{2E8E7BEB-F862-4C06-B225-DA220837197B}.Release|x64.Build.0 = Release|x64
		{2E8E7BEB-F862-4C06-B225-DA220837197B}.Release|x86.ActiveCfg = Release|Win32
		{2E8E7BEB-F862-4C06-B225-DA220837197B}.Release|x86.Build.0 = Release|Win32
		{F6AFC8E1-627F-49BB-BBA8-0C1950ACBCF8}.Debug|x64.ActiveCfg = Debug|x64
		{F6AFC8E1-627F-49BB-BBA8-0C1950ACBCF8}.Debug|x64.Build.0 = Debug|x64
		{F6AFC8E1-627F-49BB-BBA8-0C1950ACBCF8}.Debug|x86.ActiveCfg = Debug|Win32
		{F6AFC8E1-627F-49BB-BBA8-0C1950ACBCF8}.Debug|x86.Build.0 = Debug|Win32
		{F6AFC8E1-627F-49BB-BBA8-0C1950ACBCF8}.Release|x64.ActiveCfg = Release|x64
		{F6AFC8E1-627F-49BB-BBA8-0C1950ACBCF8}.Release|x64.Build.0 = Release|x64
		{F6AFC8E1-627F-49BB-BBA8-0C1950ACBCF8}.Release|x86.ActiveCfg = Release|Win32
		{F6AFC8E1-627F-49BB-BBA8-0C1950ACBCF8}.Release|x86.Build.0 = Release|Win32
		{EC8BE58D-4520-42D2-97B5-6EF6004CDDF5}.Debug|x64.ActiveCfg = Debug|x64
		{EC8BE58D-4520-42D2-97B5-6EF6004CDDF5}.Debug|x64.Build.0 = Debug|x64
		{EC8BE58D-4520-42D2-97B5-6EF6004CDDF5}.Debug|x86.ActiveCfg = Debug|Win32
		{EC8BE58D-4520-42D2-97B5-6EF6004CDDF5}.Debug|x86.Build.0 = Debug|Win32
		{EC8BE58D-4520-42D2-97B5-6EF6004CDDF5}.Release|x64.ActiveCfg = Release|x64
		{EC8BE58D-4520-42D2-97B5-6EF6004CDDF5}.Release|x64.Build.0 = Release|x64
		{EC8BE58D-4520-42D2-97B5-6EF6004CDDF5}.Release|x86.ActiveCfg = Release|Win32
		{EC8BE58D-4520-42D2-97B5-6EF6004CDDF5}.Release|x86.Build.0 = Release|Win32
		{8CFC8AE4-6963-40F8-995A-571342F497AE}.Debug|x64.ActiveCfg = Debug|x64
		{8CFC8AE4-6963-40F8-995A-571342F497AE}.Debug|x64.Build.0 = Debug|x64
		{8CFC8AE4-6963-40F8-995A-571342F497AE}.Debug|x86.ActiveCfg = Debug|Win32
		{8CFC8AE4-6963-40F8-995A-571342F497AE}.Debug|x86.Build.0 = Debug|Win32
		{8CFC8AE4-6963-40F8-995A-571342F497AE}.Release|x64.ActiveCfg = Release|x64
		{8CFC8AE4-6963-40F8-995A-571342F497AE}.Release|x64.Build.0 = Release|x64
		{8CFC8AE4-6963-40F8-995A-571342F497AE}.Release|x86.ActiveCfg = Release|Win32
		{8CFC8AE4-6963-40F8-995A-571342F497AE}.Release|x86.Build.0 = Release|Win32
		{380CEAF3-AD80-4998-92BD-D788B97349D7}.Debug|x64.ActiveCfg = Debug|x64
		{380CEAF3-AD80-4998-92BD-D788B97349D7}.Debug|x64.Build.0 = Debug|x64
		{380CEAF3-AD80-4998-92BD-D788B97349D7}.Debug|x86.ActiveCfg = Debug|Win32
		{380CEAF3-AD80-4998-92BD-D788B97349D7}.Debug|x86.Build.0 = Debug|Win32
		{380CEAF3-AD80-4998-92BD-D788B97349D7}.Release|x64.ActiveCfg = Release|x64
		{380CEAF3-AD80-4998-92BD-D788B97349D7}.Release|x64.Build.0 = Release|x64
		{380CEAF3-AD80-4998-92BD-D788B97349D7}.Release|x86.ActiveCfg = Release|Win32
		{380CEAF3-AD80-4998-92BD-D788B97349D7}.Release|x86.Build.0 = Release|Win32
		{1196538D-86AA-4EEF-8EB9-3E74EC88878E}.Debug|x64.ActiveCfg = Debug|x64
		{1196538D-86AA-4EEF-8EB9-3E74EC88878E}.Debug|x64.Build.0 = Debug|x64
		{1196538D-86AA-4EEF-8EB9-3E74EC88878E}.Debug|x86.ActiveCfg = Debug|Win32
		{1196538D-86AA-4EEF-8EB9-3E74EC88878E}.Debug|x86.Build.0 = Debug|Win32
		{1196538D-86AA-4EEF-8EB9-3E74EC88878E}.Release|x64.ActiveCfg = Release|x64
		{1196538D-86AA-4EEF-8EB9-3E74EC88878E}.Release|x64.Build.0 = Release|x64
		{1196538D-86AA-4EEF-8EB9-3E74EC88878E}.Release|x86.ActiveCfg = Release|Win32
		{1196538D-86AA-4EEF-8EB9-3E74EC88878E}.Release|x86.Build.0 = Release|Win32
		{D9F013A4-5BB6-408F-BBF0-8DACE44A6229}.Debug|x64.ActiveCfg = Debug|x64
		{D9F013A4-5BB6-408F-BBF0-8DACE44A6229}.Debug|x64.Build.0 = Debug|x64
		{D9F013A4-5BB6-408F-BBF0-8DACE44A6229}.Debug|x86.ActiveCfg = Debug|Win32
		{D9F013A4-5BB6-408F-BBF0-8DACE44A6229}.Debug|x86.Build.0 = Debug|Win32
		{D9F013A4-5BB6-408F-BBF0-8DACE44A6229}.Release|x64.ActiveCfg = Release|x64
		{D9F013A4-5BB6-408F-BBF0-8DACE44A6229}.Release|x64.Build.0 = Release|x64
		{D9F013A4-5BB6-408F-BBF0-8DACE44A6229}.Release|x86.ActiveCfg = Release|Win32
		{D9F013A4-5BB6-408F-BBF0-8DACE44A6229}.Release|x86.Build.0 = Release|Win32
		{179BD261-C622-4121-839B-551BF7B3F399}.Debug|x64.ActiveCfg = Debug|x64
		{179BD261-C622-4121-839B-551BF7B3F399}.Debug|x64.Build.0 = Debug|x64
		{179BD261-C622-4121-839B-551BF7B3F399}.Debug|x86.ActiveCfg = Debug|Win32
		{179BD261-C622-4121-839B-551BF7B3F399}.Debug|x86.Build.0 = Debug|Win32
		{179BD261-C622-4121-839B-551BF7B3F399}.Release|x64.ActiveCfg = Release|x64
		{179BD261-C622-4121-839B-551BF7B3F399}.Release|x64.Build.0 = Release|x64
		{179BD261-C622-4121-839B-551BF7B3F399}.Release|x86.ActiveCfg = Release|Win32
		{179BD261-C622-4121-839B-551BF7B3F399}.Release|x86.Build.0 = Release|Win32
		{B8A1322D-223A-45B2-B709-F4CB8D56C484}.Debug|x64.ActiveCfg = Debug|x64
		{B8A1322D-223A-45B2-B709-F4CB8D56C484}.Debug|x64.Build.0 = Debug|x64
		{B8A1322D-223A-45B2-B709-F4CB8D56C484}.Debug|x86.ActiveCfg = Debug|Win32
		{B8A1322D-223A-45B2-B709-F4CB8D56C484}.Debug|x86.Build.0 = Debug|Win32
		{B8A1322D-223A-45B2-B709-F4CB8D56C484}.Release|x64.ActiveCfg = Release|x64
		{B8A1322D-223A-45B2-B709-F4CB8D56C484}.Release|x64.Build.0 = Release|x64
		{B8A1322D-223A-45B2-B709-F4CB8D56C484}.Release|x86.ActiveCfg = Release|Win32
		{B8A1322D-223A-45B2-B709-F4CB8D56C484}.Release|x86.Build.0 = Release|Win32
	EndGlobalSection
	GlobalSection(SolutionProperties) = preSolution
		HideSolutionNode = FALSE
	EndGlobalSection
	GlobalSection(NestedProjects) = preSolution
		{D97EA62D-D7AD-43B7-98B9-0DFFC578D61B} = {EF7CBFE9-0404-4D0E-9901-1D11E97D3754}
		{03EB3E34-BC51-453C-9E21-18C0CCD5FF8F} = {EF7CBFE9-0404-4D0E-9901-1D11E97D3754}
		{9F450643-84CD-41B1-A16F-D285C263AC6E} = {EF7CBFE9-0404-4D0E-9901-1D11E97D3754}
		{0B3B510E-1C32-4029-987B-63FE5CBA52C5} = {EF7CBFE9-0404-4D0E-9901-1D11E97D3754}
		{E4D8420C-B8F7-46B1-8F5D-559CB38C92D4} = {EF7CBFE9-0404-4D0E-9901-1D11E97D3754}
		{A7053B87-6D4B-4ECB-B751-011F3EF3915D} = {EF7CBFE9-0404-4D0E-9901-1D11E97D3754}
		{365AE6F7-7AC9-46C9-835E-7EB690CAF673} = {EF7CBFE9-0404-4D0E-9901-1D11E97D3754}
		{D175EB7A-EF0D-4C36-A474-A575ACD8300E} = {EF7CBFE9-0404-4D0E-9901-1D11E97D3754}
		{11AD4246-46CF-42A4-AB3D-CD31CEC186B8} = {EF7CBFE9-0404-4D0E-9901-1D11E97D3754}
		{6898C39D-BF15-4B39-97BA-94D9EA509349} = {EF7CBFE9-0404-4D0E-9901-1D11E97D3754}
		{93214202-E548-4412-966F-A2137156467F} = {EF7CBFE9-0404-4D0E-9901-1D11E97D3754}
		{931D5B62-C5AB-4B67-BEB9-B4BAB38DD9A4} = {EF7CBFE9-0404-4D0E-9901-1D11E97D3754}
		{CB2EE3DD-0306-44E5-9B2A-C6D7AA4B9657} = {66ACBC9D-AA9E-41C5-901D-5D81E4EC48B8}
		{A2C71A54-5617-4353-9BF4-F8C758666F29} = {66ACBC9D-AA9E-41C5-901D-5D81E4EC48B8}
		{DD7B1D95-8988-4D95-8032-39A33BACBB92} = {66ACBC9D-AA9E-41C5-901D-5D81E4EC48B8}
		{8DC41ABC-5CEA-4FAE-B9FA-356D1133421F} = {66ACBC9D-AA9E-41C5-901D-5D81E4EC48B8}
		{F8BBBB9C-A705-4DE3-B850-1E8D2C9464E7} = {66ACBC9D-AA9E-41C5-901D-5D81E4EC48B8}
		{2400CCB9-8F31-4A0B-A099-7C7499B1098C} = {66ACBC9D-AA9E-41C5-901D-5D81E4EC48B8}
		{CB266D08-2C6A-4C4C-9BC0-70CA316F6579} = {66ACBC9D-AA9E-41C5-901D-5D81E4EC48B8}
		{325805E7-FC67-4EBD-9FD0-B94C0E7CF2AC} = {66ACBC9D-AA9E-41C5-901D-5D81E4EC48B8}
		{7B40C7A5-AB0A-4267-91A5-A8C0CE3A73FD} = {66ACBC9D-AA9E-41C5-901D-5D81E4EC48B8}
		{5EACEE59-9A91-4539-BA5F-37E7B51C33CD} = {66ACBC9D-AA9E-41C5-901D-5D81E4EC48B8}
		{65A844BB-66C2-4EBF-892C-CADECD9E39BF} = {66ACBC9D-AA9E-41C5-901D-5D81E4EC48B8}
		{9F0A9221-BA8C-427C-B468-C2B1429159F2} = {66ACBC9D-AA9E-41C5-901D-5D81E4EC48B8}
		{4F6F13F1-9503-4D6E-88C1-31894ED1979D} = {D02E5D25-B5FD-444E-BBAE-C0CF35E2BE5D}
		{9BA41839-E974-47E0-9AE2-787BCEF3C67B} = {D02E5D25-B5FD-444E-BBAE-C0CF35E2BE5D}
		{C2153C4A-EDA1-44FA-B45A-86C17556EA54} = {D02E5D25-B5FD-444E-BBAE-C0CF35E2BE5D}
		{A5347F19-6EC4-46E9-BEF6-8E85DAEA12E5} = {D02E5D25-B5FD-444E-BBAE-C0CF35E2BE5D}
		{F21157B6-E6DD-4A5B-B47F-B2AF147ADEC9} = {D02E5D25-B5FD-444E-BBAE-C0CF35E2BE5D}
		{29C2080A-B177-47A2-A7C1-535A75A5ABA8} = {D02E5D25-B5FD-444E-BBAE-C0CF35E2BE5D}
		{2E8E7BEB-F862-4C06-B225-DA220837197B} = {D02E5D25-B5FD-444E-BBAE-C0CF35E2BE5D}
		{F6AFC8E1-627F-49BB-BBA8-0C1950ACBCF8} = {D02E5D25-B5FD-444E-BBAE-C0CF35E2BE5D}
		{EC8BE58D-4520-42D2-97B5-6EF6004CDDF5} = {D02E5D25-B5FD-444E-BBAE-C0CF35E2BE5D}
		{8CFC8AE4-6963-40F8-995A-571342F497AE} = {D02E5D25-B5FD-444E-BBAE-C0CF35E2BE5D}
		{380CEAF3-AD80-4998-92BD-D788B97349D7} = {D02E5D25-B5FD-444E-BBAE-C0CF35E2BE5D}
		{1196538D-86AA-4EEF-8EB9-3E74EC88878E} = {D02E5D25-B5FD-444E-BBAE-C0CF35E2BE5D}
		{D9F013A4-5BB6-408F-BBF0-8DACE44A6229} = {D02E5D25-B5FD-444E-BBAE-C0CF35E2BE5D}
		{179BD261-C622-4121-839B-551BF7B3F399} = {D02E5D25-B5FD-444E-BBAE-C0CF35E2BE5D}
		{B8A1322D-223A-45B2-B709-F4CB8D56C484} = {D02E5D25-B5FD-444E-BBAE-C0CF35E2BE5D}
	EndGlobalSection
	GlobalSection(ExtensibilityGlobals) = postSolution
		SolutionGuid = {2A0C1A4F-121A-4604-99AC-324CFC2BF285}
	EndGlobalSection
EndGlobal
